// !$*UTF8*$!
{
	archiveVersion = 1;
	classes = {
	};
	objectVersion = 46;
	objects = {

/* Begin PBXBuildFile section */
		250413B11CF44FCF00611E62 /* Kpt_LoginViewController.swift in Sources */ = {isa = PBXBuildFile; fileRef = 250413AF1CF44FCF00611E62 /* Kpt_LoginViewController.swift */; };
		250413B21CF44FCF00611E62 /* Kpt_LoginViewController.xib in Resources */ = {isa = PBXBuildFile; fileRef = 250413B01CF44FCF00611E62 /* Kpt_LoginViewController.xib */; };
		2509226F1CED5D7A00353F17 /* KPTDiscoverViewController.swift in Sources */ = {isa = PBXBuildFile; fileRef = 250922651CED5D7A00353F17 /* KPTDiscoverViewController.swift */; };
		250922701CED5D7A00353F17 /* KPTHistoryViewController.swift in Sources */ = {isa = PBXBuildFile; fileRef = 250922691CED5D7A00353F17 /* KPTHistoryViewController.swift */; };
		250922711CED5D7A00353F17 /* KPTHomePageViewController.swift in Sources */ = {isa = PBXBuildFile; fileRef = 2509226D1CED5D7A00353F17 /* KPTHomePageViewController.swift */; };
		250922731CEDB8EF00353F17 /* KPTHomePageViewController.xib in Resources */ = {isa = PBXBuildFile; fileRef = 250922721CEDB8EF00353F17 /* KPTHomePageViewController.xib */; };
		251458931CF2EE9900B5CB34 /* AMapLocationKit.framework in Frameworks */ = {isa = PBXBuildFile; fileRef = 251458901CF2EE9900B5CB34 /* AMapLocationKit.framework */; };
		251458971CF2EF0900B5CB34 /* CoreGraphics.framework in Frameworks */ = {isa = PBXBuildFile; fileRef = 251458961CF2EF0900B5CB34 /* CoreGraphics.framework */; };
		251458991CF2EF1200B5CB34 /* QuartzCore.framework in Frameworks */ = {isa = PBXBuildFile; fileRef = 251458981CF2EF1200B5CB34 /* QuartzCore.framework */; };
		2514589B1CF2EF1900B5CB34 /* OpenGLES.framework in Frameworks */ = {isa = PBXBuildFile; fileRef = 2514589A1CF2EF1900B5CB34 /* OpenGLES.framework */; };
		2514589D1CF2EF2200B5CB34 /* CoreLocation.framework in Frameworks */ = {isa = PBXBuildFile; fileRef = 2514589C1CF2EF2200B5CB34 /* CoreLocation.framework */; };
		2514589F1CF2EF2800B5CB34 /* CoreTelephony.framework in Frameworks */ = {isa = PBXBuildFile; fileRef = 2514589E1CF2EF2800B5CB34 /* CoreTelephony.framework */; };
		251458A11CF2EF4500B5CB34 /* libz.tbd in Frameworks */ = {isa = PBXBuildFile; fileRef = 251458A01CF2EF4500B5CB34 /* libz.tbd */; };
		251458A31CF2EF5600B5CB34 /* libc++.tbd in Frameworks */ = {isa = PBXBuildFile; fileRef = 251458A21CF2EF5600B5CB34 /* libc++.tbd */; };
		251458A51CF2EF5D00B5CB34 /* Security.framework in Frameworks */ = {isa = PBXBuildFile; fileRef = 251458A41CF2EF5D00B5CB34 /* Security.framework */; };
		251458AB1CF2F78A00B5CB34 /* AdSupport.framework in Frameworks */ = {isa = PBXBuildFile; fileRef = 251458AA1CF2F78A00B5CB34 /* AdSupport.framework */; };
		251458F41CF2F9A200B5CB34 /* KPT_iOS_SwiftUITests.swift in Sources */ = {isa = PBXBuildFile; fileRef = 251458F31CF2F9A200B5CB34 /* KPT_iOS_SwiftUITests.swift */; };
		251458FC1CF2FA7C00B5CB34 /* libstdc++.6.0.9.tbd in Frameworks */ = {isa = PBXBuildFile; fileRef = 251458FB1CF2FA7C00B5CB34 /* libstdc++.6.0.9.tbd */; };
		251458FE1CF2FBB800B5CB34 /* AMapNaviKit.framework in Frameworks */ = {isa = PBXBuildFile; fileRef = 251458FD1CF2FBB800B5CB34 /* AMapNaviKit.framework */; };
		251459001CF2FC0D00B5CB34 /* AMapNaviKit.framework in Frameworks */ = {isa = PBXBuildFile; fileRef = 251458FF1CF2FC0D00B5CB34 /* AMapNaviKit.framework */; };
		251459031CF2FCC400B5CB34 /* AMap.bundle in Resources */ = {isa = PBXBuildFile; fileRef = 251459011CF2FCC400B5CB34 /* AMap.bundle */; };
		251459041CF2FCC400B5CB34 /* AMapNavi.bundle in Resources */ = {isa = PBXBuildFile; fileRef = 251459021CF2FCC400B5CB34 /* AMapNavi.bundle */; };
		251459081CF3032800B5CB34 /* AVFoundation.framework in Frameworks */ = {isa = PBXBuildFile; fileRef = 251459071CF3032800B5CB34 /* AVFoundation.framework */; };
		2514590C1CF3084900B5CB34 /* AMapSearchKit.framework in Frameworks */ = {isa = PBXBuildFile; fileRef = 2514590B1CF3084900B5CB34 /* AMapSearchKit.framework */; };
		2516BA491CF6ECB100E2932E /* Kpt_PickerView.swift in Sources */ = {isa = PBXBuildFile; fileRef = 2516BA481CF6ECB100E2932E /* Kpt_PickerView.swift */; };
		251F857A1CEC6AC300C6051F /* GlobalConstant.swift in Sources */ = {isa = PBXBuildFile; fileRef = 251F85791CEC6AC300C6051F /* GlobalConstant.swift */; };
		251F857C1CEC7BCA00C6051F /* SystemConfiguration.framework in Frameworks */ = {isa = PBXBuildFile; fileRef = 251F857B1CEC7BCA00C6051F /* SystemConfiguration.framework */; };
		2524F6851CF7EB9700101081 /* DrivingLicenceViewController.swift in Sources */ = {isa = PBXBuildFile; fileRef = 2524F6831CF7EB9700101081 /* DrivingLicenceViewController.swift */; };
		2524F6861CF7EB9700101081 /* DrivingLicenceViewController.xib in Resources */ = {isa = PBXBuildFile; fileRef = 2524F6841CF7EB9700101081 /* DrivingLicenceViewController.xib */; };
		2524F6881CF81DC000101081 /* Kpt_OCRImageView.swift in Sources */ = {isa = PBXBuildFile; fileRef = 2524F6871CF81DC000101081 /* Kpt_OCRImageView.swift */; };
		25681DA61CEC63AD004E78B2 /* UIColor+Category.swift in Sources */ = {isa = PBXBuildFile; fileRef = 25681DA51CEC63AD004E78B2 /* UIColor+Category.swift */; };
		25A07F541CEEE74600BA4A71 /* KptRequestClient.swift in Sources */ = {isa = PBXBuildFile; fileRef = 25A07F531CEEE74600BA4A71 /* KptRequestClient.swift */; };
		25A7B1731CF83C8A00177C3F /* Kpt_NextBtnView.swift in Sources */ = {isa = PBXBuildFile; fileRef = 25A7B1721CF83C8A00177C3F /* Kpt_NextBtnView.swift */; };
		25B879221CEC05DD00F9865B /* AppDelegate.swift in Sources */ = {isa = PBXBuildFile; fileRef = 25B879211CEC05DD00F9865B /* AppDelegate.swift */; };
		25B879271CEC05DD00F9865B /* Main.storyboard in Resources */ = {isa = PBXBuildFile; fileRef = 25B879251CEC05DD00F9865B /* Main.storyboard */; };
		25B8792A1CEC05DD00F9865B /* KPT_iOS_Swift.xcdatamodeld in Sources */ = {isa = PBXBuildFile; fileRef = 25B879281CEC05DD00F9865B /* KPT_iOS_Swift.xcdatamodeld */; };
		25B8792C1CEC05DD00F9865B /* Assets.xcassets in Resources */ = {isa = PBXBuildFile; fileRef = 25B8792B1CEC05DD00F9865B /* Assets.xcassets */; };
		25B8792F1CEC05DD00F9865B /* LaunchScreen.storyboard in Resources */ = {isa = PBXBuildFile; fileRef = 25B8792D1CEC05DD00F9865B /* LaunchScreen.storyboard */; };
		25B8793A1CEC05DD00F9865B /* KPT_iOS_SwiftTests.swift in Sources */ = {isa = PBXBuildFile; fileRef = 25B879391CEC05DD00F9865B /* KPT_iOS_SwiftTests.swift */; };
		25B8794A1CEC11CD00F9865B /* MainAppViewController.swift in Sources */ = {isa = PBXBuildFile; fileRef = 25B879481CEC11CD00F9865B /* MainAppViewController.swift */; };
		25F6700C1CF6A0440001B112 /* UserInfoViewController.swift in Sources */ = {isa = PBXBuildFile; fileRef = 25F6700A1CF6A0440001B112 /* UserInfoViewController.swift */; };
		25F6700D1CF6A0440001B112 /* UserInfoViewController.xib in Resources */ = {isa = PBXBuildFile; fileRef = 25F6700B1CF6A0440001B112 /* UserInfoViewController.xib */; };
		25FE41461CF54D44006A1CF9 /* Kpt_RegisterViewController.swift in Sources */ = {isa = PBXBuildFile; fileRef = 25FE41441CF54D44006A1CF9 /* Kpt_RegisterViewController.swift */; };
		25FE41471CF54D44006A1CF9 /* Kpt_RegisterViewController.xib in Resources */ = {isa = PBXBuildFile; fileRef = 25FE41451CF54D44006A1CF9 /* Kpt_RegisterViewController.xib */; };
		981E2C1E527AED817D841664 /* Pods_KPT_iOS_SwiftTests.framework in Frameworks */ = {isa = PBXBuildFile; fileRef = 9AAEF8C5E3A6F1182175E8E8 /* Pods_KPT_iOS_SwiftTests.framework */; };
		E7C44F9396E5460B7A45C9C9 /* Pods_KPT_iOS_Swift.framework in Frameworks */ = {isa = PBXBuildFile; fileRef = 7D77B9D5815ABCCD2C101553 /* Pods_KPT_iOS_Swift.framework */; };
/* End PBXBuildFile section */

/* Begin PBXContainerItemProxy section */
		251458F61CF2F9A300B5CB34 /* PBXContainerItemProxy */ = {
			isa = PBXContainerItemProxy;
			containerPortal = 25B879161CEC05DD00F9865B /* Project object */;
			proxyType = 1;
			remoteGlobalIDString = 25B8791D1CEC05DD00F9865B;
			remoteInfo = KPT_iOS_Swift;
		};
		25B879361CEC05DD00F9865B /* PBXContainerItemProxy */ = {
			isa = PBXContainerItemProxy;
			containerPortal = 25B879161CEC05DD00F9865B /* Project object */;
			proxyType = 1;
			remoteGlobalIDString = 25B8791D1CEC05DD00F9865B;
			remoteInfo = KPT_iOS_Swift;
		};
/* End PBXContainerItemProxy section */

/* Begin PBXFileReference section */
		250413AF1CF44FCF00611E62 /* Kpt_LoginViewController.swift */ = {isa = PBXFileReference; fileEncoding = 4; lastKnownFileType = sourcecode.swift; path = Kpt_LoginViewController.swift; sourceTree = "<group>"; };
		250413B01CF44FCF00611E62 /* Kpt_LoginViewController.xib */ = {isa = PBXFileReference; fileEncoding = 4; lastKnownFileType = file.xib; path = Kpt_LoginViewController.xib; sourceTree = "<group>"; };
		250922651CED5D7A00353F17 /* KPTDiscoverViewController.swift */ = {isa = PBXFileReference; fileEncoding = 4; lastKnownFileType = sourcecode.swift; path = KPTDiscoverViewController.swift; sourceTree = "<group>"; };
		250922691CED5D7A00353F17 /* KPTHistoryViewController.swift */ = {isa = PBXFileReference; fileEncoding = 4; lastKnownFileType = sourcecode.swift; path = KPTHistoryViewController.swift; sourceTree = "<group>"; };
		2509226D1CED5D7A00353F17 /* KPTHomePageViewController.swift */ = {isa = PBXFileReference; fileEncoding = 4; lastKnownFileType = sourcecode.swift; path = KPTHomePageViewController.swift; sourceTree = "<group>"; };
		250922721CEDB8EF00353F17 /* KPTHomePageViewController.xib */ = {isa = PBXFileReference; fileEncoding = 4; lastKnownFileType = file.xib; path = KPTHomePageViewController.xib; sourceTree = "<group>"; };
		251458901CF2EE9900B5CB34 /* AMapLocationKit.framework */ = {isa = PBXFileReference; lastKnownFileType = wrapper.framework; path = AMapLocationKit.framework; sourceTree = "<group>"; };
		251458961CF2EF0900B5CB34 /* CoreGraphics.framework */ = {isa = PBXFileReference; lastKnownFileType = wrapper.framework; name = CoreGraphics.framework; path = System/Library/Frameworks/CoreGraphics.framework; sourceTree = SDKROOT; };
		251458981CF2EF1200B5CB34 /* QuartzCore.framework */ = {isa = PBXFileReference; lastKnownFileType = wrapper.framework; name = QuartzCore.framework; path = System/Library/Frameworks/QuartzCore.framework; sourceTree = SDKROOT; };
		2514589A1CF2EF1900B5CB34 /* OpenGLES.framework */ = {isa = PBXFileReference; lastKnownFileType = wrapper.framework; name = OpenGLES.framework; path = System/Library/Frameworks/OpenGLES.framework; sourceTree = SDKROOT; };
		2514589C1CF2EF2200B5CB34 /* CoreLocation.framework */ = {isa = PBXFileReference; lastKnownFileType = wrapper.framework; name = CoreLocation.framework; path = System/Library/Frameworks/CoreLocation.framework; sourceTree = SDKROOT; };
		2514589E1CF2EF2800B5CB34 /* CoreTelephony.framework */ = {isa = PBXFileReference; lastKnownFileType = wrapper.framework; name = CoreTelephony.framework; path = System/Library/Frameworks/CoreTelephony.framework; sourceTree = SDKROOT; };
		251458A01CF2EF4500B5CB34 /* libz.tbd */ = {isa = PBXFileReference; lastKnownFileType = "sourcecode.text-based-dylib-definition"; name = libz.tbd; path = usr/lib/libz.tbd; sourceTree = SDKROOT; };
		251458A21CF2EF5600B5CB34 /* libc++.tbd */ = {isa = PBXFileReference; lastKnownFileType = "sourcecode.text-based-dylib-definition"; name = "libc++.tbd"; path = "usr/lib/libc++.tbd"; sourceTree = SDKROOT; };
		251458A41CF2EF5D00B5CB34 /* Security.framework */ = {isa = PBXFileReference; lastKnownFileType = wrapper.framework; name = Security.framework; path = System/Library/Frameworks/Security.framework; sourceTree = SDKROOT; };
		251458AA1CF2F78A00B5CB34 /* AdSupport.framework */ = {isa = PBXFileReference; lastKnownFileType = wrapper.framework; name = AdSupport.framework; path = System/Library/Frameworks/AdSupport.framework; sourceTree = SDKROOT; };
		251458F11CF2F9A200B5CB34 /* KPT_iOS_SwiftUITests.xctest */ = {isa = PBXFileReference; explicitFileType = wrapper.cfbundle; includeInIndex = 0; path = KPT_iOS_SwiftUITests.xctest; sourceTree = BUILT_PRODUCTS_DIR; };
		251458F31CF2F9A200B5CB34 /* KPT_iOS_SwiftUITests.swift */ = {isa = PBXFileReference; lastKnownFileType = sourcecode.swift; path = KPT_iOS_SwiftUITests.swift; sourceTree = "<group>"; };
		251458F51CF2F9A300B5CB34 /* Info.plist */ = {isa = PBXFileReference; lastKnownFileType = text.plist.xml; path = Info.plist; sourceTree = "<group>"; };
		251458FB1CF2FA7C00B5CB34 /* libstdc++.6.0.9.tbd */ = {isa = PBXFileReference; lastKnownFileType = "sourcecode.text-based-dylib-definition"; name = "libstdc++.6.0.9.tbd"; path = "usr/lib/libstdc++.6.0.9.tbd"; sourceTree = SDKROOT; };
		251458FD1CF2FBB800B5CB34 /* AMapNaviKit.framework */ = {isa = PBXFileReference; lastKnownFileType = wrapper.framework; name = AMapNaviKit.framework; path = ../../Downloads/AMapNaviKit.framework; sourceTree = "<group>"; };
		251458FF1CF2FC0D00B5CB34 /* AMapNaviKit.framework */ = {isa = PBXFileReference; lastKnownFileType = wrapper.framework; path = AMapNaviKit.framework; sourceTree = "<group>"; };
		251459011CF2FCC400B5CB34 /* AMap.bundle */ = {isa = PBXFileReference; lastKnownFileType = "wrapper.plug-in"; path = AMap.bundle; sourceTree = "<group>"; };
		251459021CF2FCC400B5CB34 /* AMapNavi.bundle */ = {isa = PBXFileReference; lastKnownFileType = "wrapper.plug-in"; path = AMapNavi.bundle; sourceTree = "<group>"; };
		251459071CF3032800B5CB34 /* AVFoundation.framework */ = {isa = PBXFileReference; lastKnownFileType = wrapper.framework; name = AVFoundation.framework; path = System/Library/Frameworks/AVFoundation.framework; sourceTree = SDKROOT; };
		2514590B1CF3084900B5CB34 /* AMapSearchKit.framework */ = {isa = PBXFileReference; lastKnownFileType = wrapper.framework; path = AMapSearchKit.framework; sourceTree = "<group>"; };
		2516BA481CF6ECB100E2932E /* Kpt_PickerView.swift */ = {isa = PBXFileReference; fileEncoding = 4; lastKnownFileType = sourcecode.swift; path = Kpt_PickerView.swift; sourceTree = "<group>"; };
		251F85791CEC6AC300C6051F /* GlobalConstant.swift */ = {isa = PBXFileReference; fileEncoding = 4; lastKnownFileType = sourcecode.swift; path = GlobalConstant.swift; sourceTree = "<group>"; };
		251F857B1CEC7BCA00C6051F /* SystemConfiguration.framework */ = {isa = PBXFileReference; lastKnownFileType = wrapper.framework; name = SystemConfiguration.framework; path = System/Library/Frameworks/SystemConfiguration.framework; sourceTree = SDKROOT; };
		25246FC01CFBD7CC0007695E /* SnapKit.framework */ = {isa = PBXFileReference; lastKnownFileType = wrapper.framework; name = SnapKit.framework; path = "Pods/../build/Debug-iphoneos/SnapKit/SnapKit.framework"; sourceTree = "<group>"; };
		2524F6831CF7EB9700101081 /* DrivingLicenceViewController.swift */ = {isa = PBXFileReference; fileEncoding = 4; lastKnownFileType = sourcecode.swift; path = DrivingLicenceViewController.swift; sourceTree = "<group>"; };
		2524F6841CF7EB9700101081 /* DrivingLicenceViewController.xib */ = {isa = PBXFileReference; fileEncoding = 4; lastKnownFileType = file.xib; path = DrivingLicenceViewController.xib; sourceTree = "<group>"; };
		2524F6871CF81DC000101081 /* Kpt_OCRImageView.swift */ = {isa = PBXFileReference; fileEncoding = 4; lastKnownFileType = sourcecode.swift; path = Kpt_OCRImageView.swift; sourceTree = "<group>"; };
		25681DA51CEC63AD004E78B2 /* UIColor+Category.swift */ = {isa = PBXFileReference; fileEncoding = 4; lastKnownFileType = sourcecode.swift; path = "UIColor+Category.swift"; sourceTree = "<group>"; };
		25A07F4F1CEEE69E00BA4A71 /* KPT_iOS_Swift-Bridging-Header.h */ = {isa = PBXFileReference; lastKnownFileType = sourcecode.c.h; path = "KPT_iOS_Swift-Bridging-Header.h"; sourceTree = "<group>"; };
		25A07F531CEEE74600BA4A71 /* KptRequestClient.swift */ = {isa = PBXFileReference; fileEncoding = 4; lastKnownFileType = sourcecode.swift; path = KptRequestClient.swift; sourceTree = "<group>"; };
		25A7B1721CF83C8A00177C3F /* Kpt_NextBtnView.swift */ = {isa = PBXFileReference; fileEncoding = 4; lastKnownFileType = sourcecode.swift; path = Kpt_NextBtnView.swift; sourceTree = "<group>"; };
		25B8791E1CEC05DD00F9865B /* KPT_iOS_Swift.app */ = {isa = PBXFileReference; explicitFileType = wrapper.application; includeInIndex = 0; path = KPT_iOS_Swift.app; sourceTree = BUILT_PRODUCTS_DIR; };
		25B879211CEC05DD00F9865B /* AppDelegate.swift */ = {isa = PBXFileReference; lastKnownFileType = sourcecode.swift; path = AppDelegate.swift; sourceTree = "<group>"; };
		25B879261CEC05DD00F9865B /* Base */ = {isa = PBXFileReference; lastKnownFileType = file.storyboard; name = Base; path = Base.lproj/Main.storyboard; sourceTree = "<group>"; };
		25B879291CEC05DD00F9865B /* KPT_iOS_Swift.xcdatamodel */ = {isa = PBXFileReference; lastKnownFileType = wrapper.xcdatamodel; path = KPT_iOS_Swift.xcdatamodel; sourceTree = "<group>"; };
		25B8792B1CEC05DD00F9865B /* Assets.xcassets */ = {isa = PBXFileReference; lastKnownFileType = folder.assetcatalog; path = Assets.xcassets; sourceTree = "<group>"; };
		25B8792E1CEC05DD00F9865B /* Base */ = {isa = PBXFileReference; lastKnownFileType = file.storyboard; name = Base; path = Base.lproj/LaunchScreen.storyboard; sourceTree = "<group>"; };
		25B879301CEC05DD00F9865B /* Info.plist */ = {isa = PBXFileReference; lastKnownFileType = text.plist.xml; path = Info.plist; sourceTree = "<group>"; };
		25B879351CEC05DD00F9865B /* KPT_iOS_SwiftTests.xctest */ = {isa = PBXFileReference; explicitFileType = wrapper.cfbundle; includeInIndex = 0; path = KPT_iOS_SwiftTests.xctest; sourceTree = BUILT_PRODUCTS_DIR; };
		25B879391CEC05DD00F9865B /* KPT_iOS_SwiftTests.swift */ = {isa = PBXFileReference; lastKnownFileType = sourcecode.swift; path = KPT_iOS_SwiftTests.swift; sourceTree = "<group>"; };
		25B8793B1CEC05DD00F9865B /* Info.plist */ = {isa = PBXFileReference; lastKnownFileType = text.plist.xml; path = Info.plist; sourceTree = "<group>"; };
		25B879481CEC11CD00F9865B /* MainAppViewController.swift */ = {isa = PBXFileReference; fileEncoding = 4; lastKnownFileType = sourcecode.swift; path = MainAppViewController.swift; sourceTree = "<group>"; };
		25F6700A1CF6A0440001B112 /* UserInfoViewController.swift */ = {isa = PBXFileReference; fileEncoding = 4; lastKnownFileType = sourcecode.swift; path = UserInfoViewController.swift; sourceTree = "<group>"; };
		25F6700B1CF6A0440001B112 /* UserInfoViewController.xib */ = {isa = PBXFileReference; fileEncoding = 4; lastKnownFileType = file.xib; path = UserInfoViewController.xib; sourceTree = "<group>"; };
		25FE41441CF54D44006A1CF9 /* Kpt_RegisterViewController.swift */ = {isa = PBXFileReference; fileEncoding = 4; lastKnownFileType = sourcecode.swift; path = Kpt_RegisterViewController.swift; sourceTree = "<group>"; };
		25FE41451CF54D44006A1CF9 /* Kpt_RegisterViewController.xib */ = {isa = PBXFileReference; fileEncoding = 4; lastKnownFileType = file.xib; path = Kpt_RegisterViewController.xib; sourceTree = "<group>"; };
		5641E40202D51F8EB72424B4 /* Pods-KPT_iOS_Swift.release.xcconfig */ = {isa = PBXFileReference; includeInIndex = 1; lastKnownFileType = text.xcconfig; name = "Pods-KPT_iOS_Swift.release.xcconfig"; path = "Pods/Target Support Files/Pods-KPT_iOS_Swift/Pods-KPT_iOS_Swift.release.xcconfig"; sourceTree = "<group>"; };
		7D77B9D5815ABCCD2C101553 /* Pods_KPT_iOS_Swift.framework */ = {isa = PBXFileReference; explicitFileType = wrapper.framework; includeInIndex = 0; path = Pods_KPT_iOS_Swift.framework; sourceTree = BUILT_PRODUCTS_DIR; };
		8D7B99C771E8A608C6A6DBF9 /* Pods-KPT_iOS_Swift.debug.xcconfig */ = {isa = PBXFileReference; includeInIndex = 1; lastKnownFileType = text.xcconfig; name = "Pods-KPT_iOS_Swift.debug.xcconfig"; path = "Pods/Target Support Files/Pods-KPT_iOS_Swift/Pods-KPT_iOS_Swift.debug.xcconfig"; sourceTree = "<group>"; };
		905CC0591D8C90997684B7D4 /* Pods-KPT_iOS_SwiftTests.release.xcconfig */ = {isa = PBXFileReference; includeInIndex = 1; lastKnownFileType = text.xcconfig; name = "Pods-KPT_iOS_SwiftTests.release.xcconfig"; path = "Pods/Target Support Files/Pods-KPT_iOS_SwiftTests/Pods-KPT_iOS_SwiftTests.release.xcconfig"; sourceTree = "<group>"; };
		91734326814587FDABE62228 /* Pods-KPT_iOS_SwiftTests.debug.xcconfig */ = {isa = PBXFileReference; includeInIndex = 1; lastKnownFileType = text.xcconfig; name = "Pods-KPT_iOS_SwiftTests.debug.xcconfig"; path = "Pods/Target Support Files/Pods-KPT_iOS_SwiftTests/Pods-KPT_iOS_SwiftTests.debug.xcconfig"; sourceTree = "<group>"; };
		9AAEF8C5E3A6F1182175E8E8 /* Pods_KPT_iOS_SwiftTests.framework */ = {isa = PBXFileReference; explicitFileType = wrapper.framework; includeInIndex = 0; path = Pods_KPT_iOS_SwiftTests.framework; sourceTree = BUILT_PRODUCTS_DIR; };
/* End PBXFileReference section */

/* Begin PBXFrameworksBuildPhase section */
		251458EE1CF2F9A200B5CB34 /* Frameworks */ = {
			isa = PBXFrameworksBuildPhase;
			buildActionMask = 2147483647;
			files = (
			);
			runOnlyForDeploymentPostprocessing = 0;
		};
		25B8791B1CEC05DD00F9865B /* Frameworks */ = {
			isa = PBXFrameworksBuildPhase;
			buildActionMask = 2147483647;
			files = (
				251459081CF3032800B5CB34 /* AVFoundation.framework in Frameworks */,
				251458FE1CF2FBB800B5CB34 /* AMapNaviKit.framework in Frameworks */,
				251458FC1CF2FA7C00B5CB34 /* libstdc++.6.0.9.tbd in Frameworks */,
				251458AB1CF2F78A00B5CB34 /* AdSupport.framework in Frameworks */,
				251458A51CF2EF5D00B5CB34 /* Security.framework in Frameworks */,
				2514590C1CF3084900B5CB34 /* AMapSearchKit.framework in Frameworks */,
				251458A31CF2EF5600B5CB34 /* libc++.tbd in Frameworks */,
				251458A11CF2EF4500B5CB34 /* libz.tbd in Frameworks */,
				251459001CF2FC0D00B5CB34 /* AMapNaviKit.framework in Frameworks */,
				251F857C1CEC7BCA00C6051F /* SystemConfiguration.framework in Frameworks */,
				2514589F1CF2EF2800B5CB34 /* CoreTelephony.framework in Frameworks */,
				2514589D1CF2EF2200B5CB34 /* CoreLocation.framework in Frameworks */,
				2514589B1CF2EF1900B5CB34 /* OpenGLES.framework in Frameworks */,
				251458991CF2EF1200B5CB34 /* QuartzCore.framework in Frameworks */,
				251458971CF2EF0900B5CB34 /* CoreGraphics.framework in Frameworks */,
				251458931CF2EE9900B5CB34 /* AMapLocationKit.framework in Frameworks */,
				E7C44F9396E5460B7A45C9C9 /* Pods_KPT_iOS_Swift.framework in Frameworks */,
			);
			runOnlyForDeploymentPostprocessing = 0;
		};
		25B879321CEC05DD00F9865B /* Frameworks */ = {
			isa = PBXFrameworksBuildPhase;
			buildActionMask = 2147483647;
			files = (
				981E2C1E527AED817D841664 /* Pods_KPT_iOS_SwiftTests.framework in Frameworks */,
			);
			runOnlyForDeploymentPostprocessing = 0;
		};
/* End PBXFrameworksBuildPhase section */

/* Begin PBXGroup section */
		250413AB1CF44F7400611E62 /* UserInfo */ = {
			isa = PBXGroup;
			children = (
				250413AC1CF44FA600611E62 /* Controller */,
				250413AD1CF44FA600611E62 /* Model */,
				250413AE1CF44FA600611E62 /* View */,
			);
			path = UserInfo;
			sourceTree = "<group>";
		};
		250413AC1CF44FA600611E62 /* Controller */ = {
			isa = PBXGroup;
			children = (
				250413AF1CF44FCF00611E62 /* Kpt_LoginViewController.swift */,
				250413B01CF44FCF00611E62 /* Kpt_LoginViewController.xib */,
				25FE41441CF54D44006A1CF9 /* Kpt_RegisterViewController.swift */,
				25FE41451CF54D44006A1CF9 /* Kpt_RegisterViewController.xib */,
				25F6700A1CF6A0440001B112 /* UserInfoViewController.swift */,
				25F6700B1CF6A0440001B112 /* UserInfoViewController.xib */,
				2524F6831CF7EB9700101081 /* DrivingLicenceViewController.swift */,
				2524F6841CF7EB9700101081 /* DrivingLicenceViewController.xib */,
			);
			path = Controller;
			sourceTree = "<group>";
		};
		250413AD1CF44FA600611E62 /* Model */ = {
			isa = PBXGroup;
			children = (
			);
			path = Model;
			sourceTree = "<group>";
		};
		250413AE1CF44FA600611E62 /* View */ = {
			isa = PBXGroup;
			children = (
				2516BA481CF6ECB100E2932E /* Kpt_PickerView.swift */,
				2524F6871CF81DC000101081 /* Kpt_OCRImageView.swift */,
				25A7B1721CF83C8A00177C3F /* Kpt_NextBtnView.swift */,
			);
			path = View;
			sourceTree = "<group>";
		};
		250922631CED5D7A00353F17 /* KptDiscover */ = {
			isa = PBXGroup;
			children = (
				250922641CED5D7A00353F17 /* Controller */,
				250922661CED5D7A00353F17 /* View */,
			);
			path = KptDiscover;
			sourceTree = "<group>";
		};
		250922641CED5D7A00353F17 /* Controller */ = {
			isa = PBXGroup;
			children = (
				250922651CED5D7A00353F17 /* KPTDiscoverViewController.swift */,
			);
			path = Controller;
			sourceTree = "<group>";
		};
		250922661CED5D7A00353F17 /* View */ = {
			isa = PBXGroup;
			children = (
			);
			path = View;
			sourceTree = "<group>";
		};
		250922671CED5D7A00353F17 /* KptHistory */ = {
			isa = PBXGroup;
			children = (
				250922681CED5D7A00353F17 /* Controller */,
				2509226A1CED5D7A00353F17 /* View */,
			);
			path = KptHistory;
			sourceTree = "<group>";
		};
		250922681CED5D7A00353F17 /* Controller */ = {
			isa = PBXGroup;
			children = (
				250922691CED5D7A00353F17 /* KPTHistoryViewController.swift */,
			);
			path = Controller;
			sourceTree = "<group>";
		};
		2509226A1CED5D7A00353F17 /* View */ = {
			isa = PBXGroup;
			children = (
			);
			path = View;
			sourceTree = "<group>";
		};
		2509226B1CED5D7A00353F17 /* KptHomePage */ = {
			isa = PBXGroup;
			children = (
				2509226C1CED5D7A00353F17 /* Controller */,
				2509226E1CED5D7A00353F17 /* View */,
			);
			path = KptHomePage;
			sourceTree = "<group>";
		};
		2509226C1CED5D7A00353F17 /* Controller */ = {
			isa = PBXGroup;
			children = (
				2509226D1CED5D7A00353F17 /* KPTHomePageViewController.swift */,
				250922721CEDB8EF00353F17 /* KPTHomePageViewController.xib */,
			);
			path = Controller;
			sourceTree = "<group>";
		};
		2509226E1CED5D7A00353F17 /* View */ = {
			isa = PBXGroup;
			children = (
			);
			path = View;
			sourceTree = "<group>";
		};
		2514588F1CF2EE9900B5CB34 /* Map */ = {
			isa = PBXGroup;
			children = (
				2514590B1CF3084900B5CB34 /* AMapSearchKit.framework */,
				251459011CF2FCC400B5CB34 /* AMap.bundle */,
				251459021CF2FCC400B5CB34 /* AMapNavi.bundle */,
				251458FF1CF2FC0D00B5CB34 /* AMapNaviKit.framework */,
				251458901CF2EE9900B5CB34 /* AMapLocationKit.framework */,
			);
			path = Map;
			sourceTree = "<group>";
		};
		251458F21CF2F9A200B5CB34 /* KPT_iOS_SwiftUITests */ = {
			isa = PBXGroup;
			children = (
				251458F31CF2F9A200B5CB34 /* KPT_iOS_SwiftUITests.swift */,
				251458F51CF2F9A300B5CB34 /* Info.plist */,
			);
			path = KPT_iOS_SwiftUITests;
			sourceTree = "<group>";
		};
		25B879151CEC05DD00F9865B = {
			isa = PBXGroup;
			children = (
				25B879201CEC05DD00F9865B /* KPT_iOS_Swift */,
				25B879381CEC05DD00F9865B /* KPT_iOS_SwiftTests */,
				251458F21CF2F9A200B5CB34 /* KPT_iOS_SwiftUITests */,
				25B8791F1CEC05DD00F9865B /* Products */,
				4C088B993719B6BDDBFA9BA7 /* Pods */,
				54D49841B374A529CE8EBC55 /* Frameworks */,
			);
			sourceTree = "<group>";
		};
		25B8791F1CEC05DD00F9865B /* Products */ = {
			isa = PBXGroup;
			children = (
				25B8791E1CEC05DD00F9865B /* KPT_iOS_Swift.app */,
				25B879351CEC05DD00F9865B /* KPT_iOS_SwiftTests.xctest */,
				251458F11CF2F9A200B5CB34 /* KPT_iOS_SwiftUITests.xctest */,
			);
			name = Products;
			sourceTree = "<group>";
		};
		25B879201CEC05DD00F9865B /* KPT_iOS_Swift */ = {
			isa = PBXGroup;
			children = (
				25B879211CEC05DD00F9865B /* AppDelegate.swift */,
				2514588F1CF2EE9900B5CB34 /* Map */,
				25B879461CEC11CD00F9865B /* Main */,
				250922631CED5D7A00353F17 /* KptDiscover */,
				250922671CED5D7A00353F17 /* KptHistory */,
				2509226B1CED5D7A00353F17 /* KptHomePage */,
				250413AB1CF44F7400611E62 /* UserInfo */,
				25B8794B1CEC122D00F9865B /* Tools */,
				25B879251CEC05DD00F9865B /* Main.storyboard */,
				25B8792B1CEC05DD00F9865B /* Assets.xcassets */,
				25B8792D1CEC05DD00F9865B /* LaunchScreen.storyboard */,
				25B879301CEC05DD00F9865B /* Info.plist */,
				25B879281CEC05DD00F9865B /* KPT_iOS_Swift.xcdatamodeld */,
				25A07F4F1CEEE69E00BA4A71 /* KPT_iOS_Swift-Bridging-Header.h */,
			);
			path = KPT_iOS_Swift;
			sourceTree = "<group>";
		};
		25B879381CEC05DD00F9865B /* KPT_iOS_SwiftTests */ = {
			isa = PBXGroup;
			children = (
				25B879391CEC05DD00F9865B /* KPT_iOS_SwiftTests.swift */,
				25B8793B1CEC05DD00F9865B /* Info.plist */,
			);
			path = KPT_iOS_SwiftTests;
			sourceTree = "<group>";
		};
		25B879461CEC11CD00F9865B /* Main */ = {
			isa = PBXGroup;
			children = (
				25B879471CEC11CD00F9865B /* Controller */,
				25B879491CEC11CD00F9865B /* View */,
			);
			path = Main;
			sourceTree = "<group>";
		};
		25B879471CEC11CD00F9865B /* Controller */ = {
			isa = PBXGroup;
			children = (
				25B879481CEC11CD00F9865B /* MainAppViewController.swift */,
			);
			path = Controller;
			sourceTree = "<group>";
		};
		25B879491CEC11CD00F9865B /* View */ = {
			isa = PBXGroup;
			children = (
			);
			path = View;
			sourceTree = "<group>";
		};
		25B8794B1CEC122D00F9865B /* Tools */ = {
			isa = PBXGroup;
			children = (
				25681DA51CEC63AD004E78B2 /* UIColor+Category.swift */,
				251F85791CEC6AC300C6051F /* GlobalConstant.swift */,
				25A07F531CEEE74600BA4A71 /* KptRequestClient.swift */,
			);
			path = Tools;
			sourceTree = "<group>";
		};
		4C088B993719B6BDDBFA9BA7 /* Pods */ = {
			isa = PBXGroup;
			children = (
				8D7B99C771E8A608C6A6DBF9 /* Pods-KPT_iOS_Swift.debug.xcconfig */,
				5641E40202D51F8EB72424B4 /* Pods-KPT_iOS_Swift.release.xcconfig */,
				91734326814587FDABE62228 /* Pods-KPT_iOS_SwiftTests.debug.xcconfig */,
				905CC0591D8C90997684B7D4 /* Pods-KPT_iOS_SwiftTests.release.xcconfig */,
			);
			name = Pods;
			sourceTree = "<group>";
		};
		54D49841B374A529CE8EBC55 /* Frameworks */ = {
			isa = PBXGroup;
			children = (
				25246FC01CFBD7CC0007695E /* SnapKit.framework */,
				251459071CF3032800B5CB34 /* AVFoundation.framework */,
				251458FD1CF2FBB800B5CB34 /* AMapNaviKit.framework */,
				251458FB1CF2FA7C00B5CB34 /* libstdc++.6.0.9.tbd */,
				251458AA1CF2F78A00B5CB34 /* AdSupport.framework */,
				251458A41CF2EF5D00B5CB34 /* Security.framework */,
				251458A21CF2EF5600B5CB34 /* libc++.tbd */,
				251458A01CF2EF4500B5CB34 /* libz.tbd */,
				2514589E1CF2EF2800B5CB34 /* CoreTelephony.framework */,
				2514589C1CF2EF2200B5CB34 /* CoreLocation.framework */,
				2514589A1CF2EF1900B5CB34 /* OpenGLES.framework */,
				251458981CF2EF1200B5CB34 /* QuartzCore.framework */,
				251458961CF2EF0900B5CB34 /* CoreGraphics.framework */,
				251F857B1CEC7BCA00C6051F /* SystemConfiguration.framework */,
				7D77B9D5815ABCCD2C101553 /* Pods_KPT_iOS_Swift.framework */,
				9AAEF8C5E3A6F1182175E8E8 /* Pods_KPT_iOS_SwiftTests.framework */,
			);
			name = Frameworks;
			sourceTree = "<group>";
		};
/* End PBXGroup section */

/* Begin PBXNativeTarget section */
		251458F01CF2F9A200B5CB34 /* KPT_iOS_SwiftUITests */ = {
			isa = PBXNativeTarget;
			buildConfigurationList = 251458F81CF2F9A300B5CB34 /* Build configuration list for PBXNativeTarget "KPT_iOS_SwiftUITests" */;
			buildPhases = (
				251458ED1CF2F9A200B5CB34 /* Sources */,
				251458EE1CF2F9A200B5CB34 /* Frameworks */,
				251458EF1CF2F9A200B5CB34 /* Resources */,
			);
			buildRules = (
			);
			dependencies = (
				251458F71CF2F9A300B5CB34 /* PBXTargetDependency */,
			);
			name = KPT_iOS_SwiftUITests;
			productName = KPT_iOS_SwiftUITests;
			productReference = 251458F11CF2F9A200B5CB34 /* KPT_iOS_SwiftUITests.xctest */;
			productType = "com.apple.product-type.bundle.ui-testing";
		};
		25B8791D1CEC05DD00F9865B /* KPT_iOS_Swift */ = {
			isa = PBXNativeTarget;
			buildConfigurationList = 25B8793E1CEC05DD00F9865B /* Build configuration list for PBXNativeTarget "KPT_iOS_Swift" */;
			buildPhases = (
				D0098CC6D2849DFE736040E3 /* 📦 Check Pods Manifest.lock */,
				25B8791A1CEC05DD00F9865B /* Sources */,
				25B8791B1CEC05DD00F9865B /* Frameworks */,
				25B8791C1CEC05DD00F9865B /* Resources */,
				227565DA5518BC75E9212D7C /* 📦 Embed Pods Frameworks */,
				76F4A23B72185597DF5505DE /* 📦 Copy Pods Resources */,
			);
			buildRules = (
			);
			dependencies = (
			);
			name = KPT_iOS_Swift;
			productName = KPT_iOS_Swift;
			productReference = 25B8791E1CEC05DD00F9865B /* KPT_iOS_Swift.app */;
			productType = "com.apple.product-type.application";
		};
		25B879341CEC05DD00F9865B /* KPT_iOS_SwiftTests */ = {
			isa = PBXNativeTarget;
			buildConfigurationList = 25B879411CEC05DD00F9865B /* Build configuration list for PBXNativeTarget "KPT_iOS_SwiftTests" */;
			buildPhases = (
				A5ECF58EF17C4293992BF4E6 /* 📦 Check Pods Manifest.lock */,
				25B879311CEC05DD00F9865B /* Sources */,
				25B879321CEC05DD00F9865B /* Frameworks */,
				25B879331CEC05DD00F9865B /* Resources */,
				765FE2BAC0E08760648D63A9 /* 📦 Embed Pods Frameworks */,
				707FBA53468DE82D91DACBFB /* 📦 Copy Pods Resources */,
			);
			buildRules = (
			);
			dependencies = (
				25B879371CEC05DD00F9865B /* PBXTargetDependency */,
			);
			name = KPT_iOS_SwiftTests;
			productName = KPT_iOS_SwiftTests;
			productReference = 25B879351CEC05DD00F9865B /* KPT_iOS_SwiftTests.xctest */;
			productType = "com.apple.product-type.bundle.unit-test";
		};
/* End PBXNativeTarget section */

/* Begin PBXProject section */
		25B879161CEC05DD00F9865B /* Project object */ = {
			isa = PBXProject;
			attributes = {
				LastSwiftUpdateCheck = 0720;
				LastUpgradeCheck = 0720;
				ORGANIZATIONNAME = yunqiao;
				TargetAttributes = {
					251458F01CF2F9A200B5CB34 = {
						CreatedOnToolsVersion = 7.2.1;
						TestTargetID = 25B8791D1CEC05DD00F9865B;
					};
					25B8791D1CEC05DD00F9865B = {
						CreatedOnToolsVersion = 7.2.1;
					};
					25B879341CEC05DD00F9865B = {
						CreatedOnToolsVersion = 7.2.1;
						TestTargetID = 25B8791D1CEC05DD00F9865B;
					};
				};
			};
			buildConfigurationList = 25B879191CEC05DD00F9865B /* Build configuration list for PBXProject "KPT_iOS_Swift" */;
			compatibilityVersion = "Xcode 3.2";
			developmentRegion = English;
			hasScannedForEncodings = 0;
			knownRegions = (
				en,
				Base,
			);
			mainGroup = 25B879151CEC05DD00F9865B;
			productRefGroup = 25B8791F1CEC05DD00F9865B /* Products */;
			projectDirPath = "";
			projectRoot = "";
			targets = (
				25B8791D1CEC05DD00F9865B /* KPT_iOS_Swift */,
				25B879341CEC05DD00F9865B /* KPT_iOS_SwiftTests */,
				251458F01CF2F9A200B5CB34 /* KPT_iOS_SwiftUITests */,
			);
		};
/* End PBXProject section */

/* Begin PBXResourcesBuildPhase section */
		251458EF1CF2F9A200B5CB34 /* Resources */ = {
			isa = PBXResourcesBuildPhase;
			buildActionMask = 2147483647;
			files = (
			);
			runOnlyForDeploymentPostprocessing = 0;
		};
		25B8791C1CEC05DD00F9865B /* Resources */ = {
			isa = PBXResourcesBuildPhase;
			buildActionMask = 2147483647;
			files = (
				251459031CF2FCC400B5CB34 /* AMap.bundle in Resources */,
				25FE41471CF54D44006A1CF9 /* Kpt_RegisterViewController.xib in Resources */,
				250413B21CF44FCF00611E62 /* Kpt_LoginViewController.xib in Resources */,
				25F6700D1CF6A0440001B112 /* UserInfoViewController.xib in Resources */,
				25B8792F1CEC05DD00F9865B /* LaunchScreen.storyboard in Resources */,
				25B8792C1CEC05DD00F9865B /* Assets.xcassets in Resources */,
				2524F6861CF7EB9700101081 /* DrivingLicenceViewController.xib in Resources */,
				250922731CEDB8EF00353F17 /* KPTHomePageViewController.xib in Resources */,
				251459041CF2FCC400B5CB34 /* AMapNavi.bundle in Resources */,
				25B879271CEC05DD00F9865B /* Main.storyboard in Resources */,
			);
			runOnlyForDeploymentPostprocessing = 0;
		};
		25B879331CEC05DD00F9865B /* Resources */ = {
			isa = PBXResourcesBuildPhase;
			buildActionMask = 2147483647;
			files = (
			);
			runOnlyForDeploymentPostprocessing = 0;
		};
/* End PBXResourcesBuildPhase section */

/* Begin PBXShellScriptBuildPhase section */
		227565DA5518BC75E9212D7C /* 📦 Embed Pods Frameworks */ = {
			isa = PBXShellScriptBuildPhase;
			buildActionMask = 2147483647;
			files = (
			);
			inputPaths = (
			);
			name = "📦 Embed Pods Frameworks";
			outputPaths = (
			);
			runOnlyForDeploymentPostprocessing = 0;
			shellPath = /bin/sh;
			shellScript = "\"${SRCROOT}/Pods/Target Support Files/Pods-KPT_iOS_Swift/Pods-KPT_iOS_Swift-frameworks.sh\"\n";
			showEnvVarsInLog = 0;
		};
		707FBA53468DE82D91DACBFB /* 📦 Copy Pods Resources */ = {
			isa = PBXShellScriptBuildPhase;
			buildActionMask = 2147483647;
			files = (
			);
			inputPaths = (
			);
			name = "📦 Copy Pods Resources";
			outputPaths = (
			);
			runOnlyForDeploymentPostprocessing = 0;
			shellPath = /bin/sh;
			shellScript = "\"${SRCROOT}/Pods/Target Support Files/Pods-KPT_iOS_SwiftTests/Pods-KPT_iOS_SwiftTests-resources.sh\"\n";
			showEnvVarsInLog = 0;
		};
		765FE2BAC0E08760648D63A9 /* 📦 Embed Pods Frameworks */ = {
			isa = PBXShellScriptBuildPhase;
			buildActionMask = 2147483647;
			files = (
			);
			inputPaths = (
			);
			name = "📦 Embed Pods Frameworks";
			outputPaths = (
			);
			runOnlyForDeploymentPostprocessing = 0;
			shellPath = /bin/sh;
			shellScript = "\"${SRCROOT}/Pods/Target Support Files/Pods-KPT_iOS_SwiftTests/Pods-KPT_iOS_SwiftTests-frameworks.sh\"\n";
			showEnvVarsInLog = 0;
		};
		76F4A23B72185597DF5505DE /* 📦 Copy Pods Resources */ = {
			isa = PBXShellScriptBuildPhase;
			buildActionMask = 2147483647;
			files = (
			);
			inputPaths = (
			);
			name = "📦 Copy Pods Resources";
			outputPaths = (
			);
			runOnlyForDeploymentPostprocessing = 0;
			shellPath = /bin/sh;
			shellScript = "\"${SRCROOT}/Pods/Target Support Files/Pods-KPT_iOS_Swift/Pods-KPT_iOS_Swift-resources.sh\"\n";
			showEnvVarsInLog = 0;
		};
		A5ECF58EF17C4293992BF4E6 /* 📦 Check Pods Manifest.lock */ = {
			isa = PBXShellScriptBuildPhase;
			buildActionMask = 2147483647;
			files = (
			);
			inputPaths = (
			);
			name = "📦 Check Pods Manifest.lock";
			outputPaths = (
			);
			runOnlyForDeploymentPostprocessing = 0;
			shellPath = /bin/sh;
			shellScript = "diff \"${PODS_ROOT}/../Podfile.lock\" \"${PODS_ROOT}/Manifest.lock\" > /dev/null\nif [[ $? != 0 ]] ; then\n    cat << EOM\nerror: The sandbox is not in sync with the Podfile.lock. Run 'pod install' or update your CocoaPods installation.\nEOM\n    exit 1\nfi\n";
			showEnvVarsInLog = 0;
		};
		D0098CC6D2849DFE736040E3 /* 📦 Check Pods Manifest.lock */ = {
			isa = PBXShellScriptBuildPhase;
			buildActionMask = 2147483647;
			files = (
			);
			inputPaths = (
			);
			name = "📦 Check Pods Manifest.lock";
			outputPaths = (
			);
			runOnlyForDeploymentPostprocessing = 0;
			shellPath = /bin/sh;
			shellScript = "diff \"${PODS_ROOT}/../Podfile.lock\" \"${PODS_ROOT}/Manifest.lock\" > /dev/null\nif [[ $? != 0 ]] ; then\n    cat << EOM\nerror: The sandbox is not in sync with the Podfile.lock. Run 'pod install' or update your CocoaPods installation.\nEOM\n    exit 1\nfi\n";
			showEnvVarsInLog = 0;
		};
/* End PBXShellScriptBuildPhase section */

/* Begin PBXSourcesBuildPhase section */
		251458ED1CF2F9A200B5CB34 /* Sources */ = {
			isa = PBXSourcesBuildPhase;
			buildActionMask = 2147483647;
			files = (
				251458F41CF2F9A200B5CB34 /* KPT_iOS_SwiftUITests.swift in Sources */,
			);
			runOnlyForDeploymentPostprocessing = 0;
		};
		25B8791A1CEC05DD00F9865B /* Sources */ = {
			isa = PBXSourcesBuildPhase;
			buildActionMask = 2147483647;
			files = (
				25B879221CEC05DD00F9865B /* AppDelegate.swift in Sources */,
				25F6700C1CF6A0440001B112 /* UserInfoViewController.swift in Sources */,
				251F857A1CEC6AC300C6051F /* GlobalConstant.swift in Sources */,
				25B8794A1CEC11CD00F9865B /* MainAppViewController.swift in Sources */,
				2524F6881CF81DC000101081 /* Kpt_OCRImageView.swift in Sources */,
				25A07F541CEEE74600BA4A71 /* KptRequestClient.swift in Sources */,
				250922701CED5D7A00353F17 /* KPTHistoryViewController.swift in Sources */,
				2516BA491CF6ECB100E2932E /* Kpt_PickerView.swift in Sources */,
				2509226F1CED5D7A00353F17 /* KPTDiscoverViewController.swift in Sources */,
				25B8792A1CEC05DD00F9865B /* KPT_iOS_Swift.xcdatamodeld in Sources */,
				250922711CED5D7A00353F17 /* KPTHomePageViewController.swift in Sources */,
				2524F6851CF7EB9700101081 /* DrivingLicenceViewController.swift in Sources */,
				25A7B1731CF83C8A00177C3F /* Kpt_NextBtnView.swift in Sources */,
				25FE41461CF54D44006A1CF9 /* Kpt_RegisterViewController.swift in Sources */,
				250413B11CF44FCF00611E62 /* Kpt_LoginViewController.swift in Sources */,
				25681DA61CEC63AD004E78B2 /* UIColor+Category.swift in Sources */,
			);
			runOnlyForDeploymentPostprocessing = 0;
		};
		25B879311CEC05DD00F9865B /* Sources */ = {
			isa = PBXSourcesBuildPhase;
			buildActionMask = 2147483647;
			files = (
				25B8793A1CEC05DD00F9865B /* KPT_iOS_SwiftTests.swift in Sources */,
			);
			runOnlyForDeploymentPostprocessing = 0;
		};
/* End PBXSourcesBuildPhase section */

/* Begin PBXTargetDependency section */
		251458F71CF2F9A300B5CB34 /* PBXTargetDependency */ = {
			isa = PBXTargetDependency;
			target = 25B8791D1CEC05DD00F9865B /* KPT_iOS_Swift */;
			targetProxy = 251458F61CF2F9A300B5CB34 /* PBXContainerItemProxy */;
		};
		25B879371CEC05DD00F9865B /* PBXTargetDependency */ = {
			isa = PBXTargetDependency;
			target = 25B8791D1CEC05DD00F9865B /* KPT_iOS_Swift */;
			targetProxy = 25B879361CEC05DD00F9865B /* PBXContainerItemProxy */;
		};
/* End PBXTargetDependency section */

/* Begin PBXVariantGroup section */
		25B879251CEC05DD00F9865B /* Main.storyboard */ = {
			isa = PBXVariantGroup;
			children = (
				25B879261CEC05DD00F9865B /* Base */,
			);
			name = Main.storyboard;
			sourceTree = "<group>";
		};
		25B8792D1CEC05DD00F9865B /* LaunchScreen.storyboard */ = {
			isa = PBXVariantGroup;
			children = (
				25B8792E1CEC05DD00F9865B /* Base */,
			);
			name = LaunchScreen.storyboard;
			sourceTree = "<group>";
		};
/* End PBXVariantGroup section */

/* Begin XCBuildConfiguration section */
		251458F91CF2F9A300B5CB34 /* Debug */ = {
			isa = XCBuildConfiguration;
			buildSettings = {
				INFOPLIST_FILE = KPT_iOS_SwiftUITests/Info.plist;
				IPHONEOS_DEPLOYMENT_TARGET = 9.2;
				LD_RUNPATH_SEARCH_PATHS = "$(inherited) @executable_path/Frameworks @loader_path/Frameworks";
				PRODUCT_BUNDLE_IDENTIFIER = "com.KPT-iOS-SwiftUITests";
				PRODUCT_NAME = "$(TARGET_NAME)";
				TEST_TARGET_NAME = KPT_iOS_Swift;
				USES_XCTRUNNER = YES;
			};
			name = Debug;
		};
		251458FA1CF2F9A300B5CB34 /* Release */ = {
			isa = XCBuildConfiguration;
			buildSettings = {
				INFOPLIST_FILE = KPT_iOS_SwiftUITests/Info.plist;
				IPHONEOS_DEPLOYMENT_TARGET = 9.2;
				LD_RUNPATH_SEARCH_PATHS = "$(inherited) @executable_path/Frameworks @loader_path/Frameworks";
				PRODUCT_BUNDLE_IDENTIFIER = "com.KPT-iOS-SwiftUITests";
				PRODUCT_NAME = "$(TARGET_NAME)";
				TEST_TARGET_NAME = KPT_iOS_Swift;
				USES_XCTRUNNER = YES;
			};
			name = Release;
		};
		25B8793C1CEC05DD00F9865B /* Debug */ = {
			isa = XCBuildConfiguration;
			buildSettings = {
				ALWAYS_SEARCH_USER_PATHS = NO;
				CLANG_CXX_LANGUAGE_STANDARD = "gnu++0x";
				CLANG_CXX_LIBRARY = "libc++";
				CLANG_ENABLE_MODULES = YES;
				CLANG_ENABLE_OBJC_ARC = YES;
				CLANG_WARN_BOOL_CONVERSION = YES;
				CLANG_WARN_CONSTANT_CONVERSION = YES;
				CLANG_WARN_DIRECT_OBJC_ISA_USAGE = YES_ERROR;
				CLANG_WARN_EMPTY_BODY = YES;
				CLANG_WARN_ENUM_CONVERSION = YES;
				CLANG_WARN_INT_CONVERSION = YES;
				CLANG_WARN_OBJC_ROOT_CLASS = YES_ERROR;
				CLANG_WARN_UNREACHABLE_CODE = YES;
				CLANG_WARN__DUPLICATE_METHOD_MATCH = YES;
				"CODE_SIGN_IDENTITY[sdk=iphoneos*]" = "iPhone Developer";
				COPY_PHASE_STRIP = NO;
				DEBUG_INFORMATION_FORMAT = dwarf;
				ENABLE_STRICT_OBJC_MSGSEND = YES;
				ENABLE_TESTABILITY = YES;
				GCC_C_LANGUAGE_STANDARD = gnu99;
				GCC_DYNAMIC_NO_PIC = NO;
				GCC_NO_COMMON_BLOCKS = YES;
				GCC_OPTIMIZATION_LEVEL = 0;
				GCC_PREPROCESSOR_DEFINITIONS = (
					"DEBUG=1",
					"$(inherited)",
				);
				GCC_WARN_64_TO_32_BIT_CONVERSION = YES;
				GCC_WARN_ABOUT_RETURN_TYPE = YES_ERROR;
				GCC_WARN_UNDECLARED_SELECTOR = YES;
				GCC_WARN_UNINITIALIZED_AUTOS = YES_AGGRESSIVE;
				GCC_WARN_UNUSED_FUNCTION = YES;
				GCC_WARN_UNUSED_VARIABLE = YES;
				IPHONEOS_DEPLOYMENT_TARGET = 8.1;
				MTL_ENABLE_DEBUG_INFO = YES;
				ONLY_ACTIVE_ARCH = YES;
				SDKROOT = iphoneos;
				SWIFT_OPTIMIZATION_LEVEL = "-Onone";
				TARGETED_DEVICE_FAMILY = "1,2";
			};
			name = Debug;
		};
		25B8793D1CEC05DD00F9865B /* Release */ = {
			isa = XCBuildConfiguration;
			buildSettings = {
				ALWAYS_SEARCH_USER_PATHS = NO;
				CLANG_CXX_LANGUAGE_STANDARD = "gnu++0x";
				CLANG_CXX_LIBRARY = "libc++";
				CLANG_ENABLE_MODULES = YES;
				CLANG_ENABLE_OBJC_ARC = YES;
				CLANG_WARN_BOOL_CONVERSION = YES;
				CLANG_WARN_CONSTANT_CONVERSION = YES;
				CLANG_WARN_DIRECT_OBJC_ISA_USAGE = YES_ERROR;
				CLANG_WARN_EMPTY_BODY = YES;
				CLANG_WARN_ENUM_CONVERSION = YES;
				CLANG_WARN_INT_CONVERSION = YES;
				CLANG_WARN_OBJC_ROOT_CLASS = YES_ERROR;
				CLANG_WARN_UNREACHABLE_CODE = YES;
				CLANG_WARN__DUPLICATE_METHOD_MATCH = YES;
				"CODE_SIGN_IDENTITY[sdk=iphoneos*]" = "iPhone Developer";
				COPY_PHASE_STRIP = NO;
				DEBUG_INFORMATION_FORMAT = "dwarf-with-dsym";
				ENABLE_NS_ASSERTIONS = NO;
				ENABLE_STRICT_OBJC_MSGSEND = YES;
				GCC_C_LANGUAGE_STANDARD = gnu99;
				GCC_NO_COMMON_BLOCKS = YES;
				GCC_WARN_64_TO_32_BIT_CONVERSION = YES;
				GCC_WARN_ABOUT_RETURN_TYPE = YES_ERROR;
				GCC_WARN_UNDECLARED_SELECTOR = YES;
				GCC_WARN_UNINITIALIZED_AUTOS = YES_AGGRESSIVE;
				GCC_WARN_UNUSED_FUNCTION = YES;
				GCC_WARN_UNUSED_VARIABLE = YES;
				IPHONEOS_DEPLOYMENT_TARGET = 8.1;
				MTL_ENABLE_DEBUG_INFO = NO;
				SDKROOT = iphoneos;
				TARGETED_DEVICE_FAMILY = "1,2";
				VALIDATE_PRODUCT = YES;
			};
			name = Release;
		};
		25B8793F1CEC05DD00F9865B /* Debug */ = {
			isa = XCBuildConfiguration;
			baseConfigurationReference = 8D7B99C771E8A608C6A6DBF9 /* Pods-KPT_iOS_Swift.debug.xcconfig */;
			buildSettings = {
				CLANG_ENABLE_MODULES = YES;
				CODE_SIGN_IDENTITY = "iPhone Developer";
				ENABLE_BITCODE = NO;
				FRAMEWORK_SEARCH_PATHS = (
					"$(inherited)",
					"$(PROJECT_DIR)/KPT_iOS_Swift/Map",
					"$(PROJECT_DIR)/build/Debug-iphoneos/SnapKit",
				);
				INFOPLIST_FILE = KPT_iOS_Swift/Info.plist;
				IPHONEOS_DEPLOYMENT_TARGET = 8.1;
				LD_RUNPATH_SEARCH_PATHS = "$(inherited) @executable_path/Frameworks";
				OTHER_LDFLAGS = (
					"$(inherited)",
					"-framework",
					"\"AFNetworking\"",
					"-framework",
					"\"MBProgressHUD\"",
					"-framework",
					"\"MJExtension\"",
					"-framework",
					"\"ReachabilitySwift\"",
					"-framework",
					"\"SDWebImage\"",
					"-ObjC",
				);
				OTHER_SWIFT_FLAGS = "$(inherited) \"-D\" \"COCOAPODS\" -DSNAPKIT_DEPLOYMENT_LEGACY";
				PRODUCT_BUNDLE_IDENTIFIER = "com.KPT-iOS-Swift";
				PRODUCT_NAME = "$(TARGET_NAME)";
				SWIFT_OBJC_BRIDGING_HEADER = "KPT_iOS_Swift/KPT_iOS_Swift-Bridging-Header.h";
				SWIFT_OPTIMIZATION_LEVEL = "-Onone";
			};
			name = Debug;
		};
		25B879401CEC05DD00F9865B /* Release */ = {
			isa = XCBuildConfiguration;
			baseConfigurationReference = 5641E40202D51F8EB72424B4 /* Pods-KPT_iOS_Swift.release.xcconfig */;
			buildSettings = {
				CLANG_ENABLE_MODULES = YES;
				CODE_SIGN_IDENTITY = "iPhone Developer";
				ENABLE_BITCODE = NO;
				FRAMEWORK_SEARCH_PATHS = (
					"$(inherited)",
					"$(PROJECT_DIR)/KPT_iOS_Swift/Map",
					"$(PROJECT_DIR)/build/Debug-iphoneos/SnapKit",
				);
				INFOPLIST_FILE = KPT_iOS_Swift/Info.plist;
				IPHONEOS_DEPLOYMENT_TARGET = 8.1;
				LD_RUNPATH_SEARCH_PATHS = "$(inherited) @executable_path/Frameworks";
				OTHER_LDFLAGS = (
					"$(inherited)",
					"-framework",
					"\"AFNetworking\"",
					"-framework",
					"\"MBProgressHUD\"",
					"-framework",
					"\"MJExtension\"",
					"-framework",
					"\"ReachabilitySwift\"",
					"-framework",
					"\"SDWebImage\"",
					"-ObjC",
				);
				OTHER_SWIFT_FLAGS = "$(inherited) \"-D\" \"COCOAPODS\" -DSNAPKIT_DEPLOYMENT_LEGACY";
				PRODUCT_BUNDLE_IDENTIFIER = "com.KPT-iOS-Swift";
				PRODUCT_NAME = "$(TARGET_NAME)";
				SWIFT_OBJC_BRIDGING_HEADER = "KPT_iOS_Swift/KPT_iOS_Swift-Bridging-Header.h";
			};
			name = Release;
		};
		25B879421CEC05DD00F9865B /* Debug */ = {
			isa = XCBuildConfiguration;
			baseConfigurationReference = 91734326814587FDABE62228 /* Pods-KPT_iOS_SwiftTests.debug.xcconfig */;
			buildSettings = {
				BUNDLE_LOADER = "$(TEST_HOST)";
				INFOPLIST_FILE = KPT_iOS_SwiftTests/Info.plist;
				LD_RUNPATH_SEARCH_PATHS = "$(inherited) @executable_path/Frameworks @loader_path/Frameworks";
				PRODUCT_BUNDLE_IDENTIFIER = "com.KPT-iOS-SwiftTests";
				PRODUCT_NAME = "$(TARGET_NAME)";
				TEST_HOST = "$(BUILT_PRODUCTS_DIR)/KPT_iOS_Swift.app/KPT_iOS_Swift";
			};
			name = Debug;
		};
		25B879431CEC05DD00F9865B /* Release */ = {
			isa = XCBuildConfiguration;
			baseConfigurationReference = 905CC0591D8C90997684B7D4 /* Pods-KPT_iOS_SwiftTests.release.xcconfig */;
			buildSettings = {
				BUNDLE_LOADER = "$(TEST_HOST)";
				INFOPLIST_FILE = KPT_iOS_SwiftTests/Info.plist;
				LD_RUNPATH_SEARCH_PATHS = "$(inherited) @executable_path/Frameworks @loader_path/Frameworks";
				PRODUCT_BUNDLE_IDENTIFIER = "com.KPT-iOS-SwiftTests";
				PRODUCT_NAME = "$(TARGET_NAME)";
				TEST_HOST = "$(BUILT_PRODUCTS_DIR)/KPT_iOS_Swift.app/KPT_iOS_Swift";
			};
			name = Release;
		};
/* End XCBuildConfiguration section */

/* Begin XCConfigurationList section */
		251458F81CF2F9A300B5CB34 /* Build configuration list for PBXNativeTarget "KPT_iOS_SwiftUITests" */ = {
			isa = XCConfigurationList;
			buildConfigurations = (
				251458F91CF2F9A300B5CB34 /* Debug */,
				251458FA1CF2F9A300B5CB34 /* Release */,
			);
			defaultConfigurationIsVisible = 0;
			defaultConfigurationName = Release;
		};
		25B879191CEC05DD00F9865B /* Build configuration list for PBXProject "KPT_iOS_Swift" */ = {
			isa = XCConfigurationList;
			buildConfigurations = (
				25B8793C1CEC05DD00F9865B /* Debug */,
				25B8793D1CEC05DD00F9865B /* Release */,
			);
			defaultConfigurationIsVisible = 0;
			defaultConfigurationName = Release;
		};
		25B8793E1CEC05DD00F9865B /* Build configuration list for PBXNativeTarget "KPT_iOS_Swift" */ = {
			isa = XCConfigurationList;
			buildConfigurations = (
				25B8793F1CEC05DD00F9865B /* Debug */,
				25B879401CEC05DD00F9865B /* Release */,
			);
			defaultConfigurationIsVisible = 0;
			defaultConfigurationName = Release;
		};
		25B879411CEC05DD00F9865B /* Build configuration list for PBXNativeTarget "KPT_iOS_SwiftTests" */ = {
			isa = XCConfigurationList;
			buildConfigurations = (
				25B879421CEC05DD00F9865B /* Debug */,
				25B879431CEC05DD00F9865B /* Release */,
			);
			defaultConfigurationIsVisible = 0;
			defaultConfigurationName = Release;
		};
/* End XCConfigurationList section */

/* Begin XCVersionGroup section */
		25B879281CEC05DD00F9865B /* KPT_iOS_Swift.xcdatamodeld */ = {
			isa = XCVersionGroup;
			children = (
				25B879291CEC05DD00F9865B /* KPT_iOS_Swift.xcdatamodel */,
			);
			currentVersion = 25B879291CEC05DD00F9865B /* KPT_iOS_Swift.xcdatamodel */;
			path = KPT_iOS_Swift.xcdatamodeld;
			sourceTree = "<group>";
			versionGroupType = wrapper.xcdatamodel;
		};
/* End XCVersionGroup section */
	};
	rootObject = 25B879161CEC05DD00F9865B /* Project object */;
}
