// !$*UTF8*$!
{
	archiveVersion = 1;
	classes = {
	};
	objectVersion = 46;
	objects = {

/* Begin PBXBuildFile section */
		2509226F1CED5D7A00353F17 /* KPTDiscoverViewController.swift in Sources */ = {isa = PBXBuildFile; fileRef = 250922651CED5D7A00353F17 /* KPTDiscoverViewController.swift */; };
		250922701CED5D7A00353F17 /* KPTHistoryViewController.swift in Sources */ = {isa = PBXBuildFile; fileRef = 250922691CED5D7A00353F17 /* KPTHistoryViewController.swift */; };
		250922711CED5D7A00353F17 /* KPTHomePageViewController.swift in Sources */ = {isa = PBXBuildFile; fileRef = 2509226D1CED5D7A00353F17 /* KPTHomePageViewController.swift */; };
		250922731CEDB8EF00353F17 /* KPTHomePageViewController.xib in Resources */ = {isa = PBXBuildFile; fileRef = 250922721CEDB8EF00353F17 /* KPTHomePageViewController.xib */; };
		251F857A1CEC6AC300C6051F /* GlobalConstant.swift in Sources */ = {isa = PBXBuildFile; fileRef = 251F85791CEC6AC300C6051F /* GlobalConstant.swift */; };
		251F857C1CEC7BCA00C6051F /* SystemConfiguration.framework in Frameworks */ = {isa = PBXBuildFile; fileRef = 251F857B1CEC7BCA00C6051F /* SystemConfiguration.framework */; };
		25681DA61CEC63AD004E78B2 /* UIColor+Category.swift in Sources */ = {isa = PBXBuildFile; fileRef = 25681DA51CEC63AD004E78B2 /* UIColor+Category.swift */; };
		25B879221CEC05DD00F9865B /* AppDelegate.swift in Sources */ = {isa = PBXBuildFile; fileRef = 25B879211CEC05DD00F9865B /* AppDelegate.swift */; };
		25B879271CEC05DD00F9865B /* Main.storyboard in Resources */ = {isa = PBXBuildFile; fileRef = 25B879251CEC05DD00F9865B /* Main.storyboard */; };
		25B8792A1CEC05DD00F9865B /* KPT_iOS_Swift.xcdatamodeld in Sources */ = {isa = PBXBuildFile; fileRef = 25B879281CEC05DD00F9865B /* KPT_iOS_Swift.xcdatamodeld */; };
		25B8792C1CEC05DD00F9865B /* Assets.xcassets in Resources */ = {isa = PBXBuildFile; fileRef = 25B8792B1CEC05DD00F9865B /* Assets.xcassets */; };
		25B8792F1CEC05DD00F9865B /* LaunchScreen.storyboard in Resources */ = {isa = PBXBuildFile; fileRef = 25B8792D1CEC05DD00F9865B /* LaunchScreen.storyboard */; };
		25B8793A1CEC05DD00F9865B /* KPT_iOS_SwiftTests.swift in Sources */ = {isa = PBXBuildFile; fileRef = 25B879391CEC05DD00F9865B /* KPT_iOS_SwiftTests.swift */; };
		25B8794A1CEC11CD00F9865B /* MainAppViewController.swift in Sources */ = {isa = PBXBuildFile; fileRef = 25B879481CEC11CD00F9865B /* MainAppViewController.swift */; };
		981E2C1E527AED817D841664 /* Pods_KPT_iOS_SwiftTests.framework in Frameworks */ = {isa = PBXBuildFile; fileRef = 9AAEF8C5E3A6F1182175E8E8 /* Pods_KPT_iOS_SwiftTests.framework */; };
		E7C44F9396E5460B7A45C9C9 /* Pods_KPT_iOS_Swift.framework in Frameworks */ = {isa = PBXBuildFile; fileRef = 7D77B9D5815ABCCD2C101553 /* Pods_KPT_iOS_Swift.framework */; };
/* End PBXBuildFile section */

/* Begin PBXContainerItemProxy section */
		25B879361CEC05DD00F9865B /* PBXContainerItemProxy */ = {
			isa = PBXContainerItemProxy;
			containerPortal = 25B879161CEC05DD00F9865B /* Project object */;
			proxyType = 1;
			remoteGlobalIDString = 25B8791D1CEC05DD00F9865B;
			remoteInfo = KPT_iOS_Swift;
		};
/* End PBXContainerItemProxy section */

/* Begin PBXFileReference section */
		250922651CED5D7A00353F17 /* KPTDiscoverViewController.swift */ = {isa = PBXFileReference; fileEncoding = 4; lastKnownFileType = sourcecode.swift; path = KPTDiscoverViewController.swift; sourceTree = "<group>"; };
		250922691CED5D7A00353F17 /* KPTHistoryViewController.swift */ = {isa = PBXFileReference; fileEncoding = 4; lastKnownFileType = sourcecode.swift; path = KPTHistoryViewController.swift; sourceTree = "<group>"; };
		2509226D1CED5D7A00353F17 /* KPTHomePageViewController.swift */ = {isa = PBXFileReference; fileEncoding = 4; lastKnownFileType = sourcecode.swift; path = KPTHomePageViewController.swift; sourceTree = "<group>"; };
		250922721CEDB8EF00353F17 /* KPTHomePageViewController.xib */ = {isa = PBXFileReference; fileEncoding = 4; lastKnownFileType = file.xib; path = KPTHomePageViewController.xib; sourceTree = "<group>"; };
		251F85791CEC6AC300C6051F /* GlobalConstant.swift */ = {isa = PBXFileReference; fileEncoding = 4; lastKnownFileType = sourcecode.swift; path = GlobalConstant.swift; sourceTree = "<group>"; };
		251F857B1CEC7BCA00C6051F /* SystemConfiguration.framework */ = {isa = PBXFileReference; lastKnownFileType = wrapper.framework; name = SystemConfiguration.framework; path = System/Library/Frameworks/SystemConfiguration.framework; sourceTree = SDKROOT; };
		25681DA51CEC63AD004E78B2 /* UIColor+Category.swift */ = {isa = PBXFileReference; fileEncoding = 4; lastKnownFileType = sourcecode.swift; path = "UIColor+Category.swift"; sourceTree = "<group>"; };
		25B8791E1CEC05DD00F9865B /* KPT_iOS_Swift.app */ = {isa = PBXFileReference; explicitFileType = wrapper.application; includeInIndex = 0; path = KPT_iOS_Swift.app; sourceTree = BUILT_PRODUCTS_DIR; };
		25B879211CEC05DD00F9865B /* AppDelegate.swift */ = {isa = PBXFileReference; lastKnownFileType = sourcecode.swift; path = AppDelegate.swift; sourceTree = "<group>"; };
		25B879261CEC05DD00F9865B /* Base */ = {isa = PBXFileReference; lastKnownFileType = file.storyboard; name = Base; path = Base.lproj/Main.storyboard; sourceTree = "<group>"; };
		25B879291CEC05DD00F9865B /* KPT_iOS_Swift.xcdatamodel */ = {isa = PBXFileReference; lastKnownFileType = wrapper.xcdatamodel; path = KPT_iOS_Swift.xcdatamodel; sourceTree = "<group>"; };
		25B8792B1CEC05DD00F9865B /* Assets.xcassets */ = {isa = PBXFileReference; lastKnownFileType = folder.assetcatalog; path = Assets.xcassets; sourceTree = "<group>"; };
		25B8792E1CEC05DD00F9865B /* Base */ = {isa = PBXFileReference; lastKnownFileType = file.storyboard; name = Base; path = Base.lproj/LaunchScreen.storyboard; sourceTree = "<group>"; };
		25B879301CEC05DD00F9865B /* Info.plist */ = {isa = PBXFileReference; lastKnownFileType = text.plist.xml; path = Info.plist; sourceTree = "<group>"; };
		25B879351CEC05DD00F9865B /* KPT_iOS_SwiftTests.xctest */ = {isa = PBXFileReference; explicitFileType = wrapper.cfbundle; includeInIndex = 0; path = KPT_iOS_SwiftTests.xctest; sourceTree = BUILT_PRODUCTS_DIR; };
		25B879391CEC05DD00F9865B /* KPT_iOS_SwiftTests.swift */ = {isa = PBXFileReference; lastKnownFileType = sourcecode.swift; path = KPT_iOS_SwiftTests.swift; sourceTree = "<group>"; };
		25B8793B1CEC05DD00F9865B /* Info.plist */ = {isa = PBXFileReference; lastKnownFileType = text.plist.xml; path = Info.plist; sourceTree = "<group>"; };
		25B879481CEC11CD00F9865B /* MainAppViewController.swift */ = {isa = PBXFileReference; fileEncoding = 4; lastKnownFileType = sourcecode.swift; path = MainAppViewController.swift; sourceTree = "<group>"; };
		5641E40202D51F8EB72424B4 /* Pods-KPT_iOS_Swift.release.xcconfig */ = {isa = PBXFileReference; includeInIndex = 1; lastKnownFileType = text.xcconfig; name = "Pods-KPT_iOS_Swift.release.xcconfig"; path = "Pods/Target Support Files/Pods-KPT_iOS_Swift/Pods-KPT_iOS_Swift.release.xcconfig"; sourceTree = "<group>"; };
		7D77B9D5815ABCCD2C101553 /* Pods_KPT_iOS_Swift.framework */ = {isa = PBXFileReference; explicitFileType = wrapper.framework; includeInIndex = 0; path = Pods_KPT_iOS_Swift.framework; sourceTree = BUILT_PRODUCTS_DIR; };
		8D7B99C771E8A608C6A6DBF9 /* Pods-KPT_iOS_Swift.debug.xcconfig */ = {isa = PBXFileReference; includeInIndex = 1; lastKnownFileType = text.xcconfig; name = "Pods-KPT_iOS_Swift.debug.xcconfig"; path = "Pods/Target Support Files/Pods-KPT_iOS_Swift/Pods-KPT_iOS_Swift.debug.xcconfig"; sourceTree = "<group>"; };
		905CC0591D8C90997684B7D4 /* Pods-KPT_iOS_SwiftTests.release.xcconfig */ = {isa = PBXFileReference; includeInIndex = 1; lastKnownFileType = text.xcconfig; name = "Pods-KPT_iOS_SwiftTests.release.xcconfig"; path = "Pods/Target Support Files/Pods-KPT_iOS_SwiftTests/Pods-KPT_iOS_SwiftTests.release.xcconfig"; sourceTree = "<group>"; };
		91734326814587FDABE62228 /* Pods-KPT_iOS_SwiftTests.debug.xcconfig */ = {isa = PBXFileReference; includeInIndex = 1; lastKnownFileType = text.xcconfig; name = "Pods-KPT_iOS_SwiftTests.debug.xcconfig"; path = "Pods/Target Support Files/Pods-KPT_iOS_SwiftTests/Pods-KPT_iOS_SwiftTests.debug.xcconfig"; sourceTree = "<group>"; };
		9AAEF8C5E3A6F1182175E8E8 /* Pods_KPT_iOS_SwiftTests.framework */ = {isa = PBXFileReference; explicitFileType = wrapper.framework; includeInIndex = 0; path = Pods_KPT_iOS_SwiftTests.framework; sourceTree = BUILT_PRODUCTS_DIR; };
/* End PBXFileReference section */

/* Begin PBXFrameworksBuildPhase section */
		25B8791B1CEC05DD00F9865B /* Frameworks */ = {
			isa = PBXFrameworksBuildPhase;
			buildActionMask = 2147483647;
			files = (
				251F857C1CEC7BCA00C6051F /* SystemConfiguration.framework in Frameworks */,
				E7C44F9396E5460B7A45C9C9 /* Pods_KPT_iOS_Swift.framework in Frameworks */,
			);
			runOnlyForDeploymentPostprocessing = 0;
		};
		25B879321CEC05DD00F9865B /* Frameworks */ = {
			isa = PBXFrameworksBuildPhase;
			buildActionMask = 2147483647;
			files = (
				981E2C1E527AED817D841664 /* Pods_KPT_iOS_SwiftTests.framework in Frameworks */,
			);
			runOnlyForDeploymentPostprocessing = 0;
		};
/* End PBXFrameworksBuildPhase section */

/* Begin PBXGroup section */
		250922631CED5D7A00353F17 /* KptDiscover */ = {
			isa = PBXGroup;
			children = (
				250922641CED5D7A00353F17 /* Controller */,
				250922661CED5D7A00353F17 /* View */,
			);
			path = KptDiscover;
			sourceTree = "<group>";
		};
		250922641CED5D7A00353F17 /* Controller */ = {
			isa = PBXGroup;
			children = (
				250922651CED5D7A00353F17 /* KPTDiscoverViewController.swift */,
			);
			path = Controller;
			sourceTree = "<group>";
		};
		250922661CED5D7A00353F17 /* View */ = {
			isa = PBXGroup;
			children = (
			);
			path = View;
			sourceTree = "<group>";
		};
		250922671CED5D7A00353F17 /* KptHistory */ = {
			isa = PBXGroup;
			children = (
				250922681CED5D7A00353F17 /* Controller */,
				2509226A1CED5D7A00353F17 /* View */,
			);
			path = KptHistory;
			sourceTree = "<group>";
		};
		250922681CED5D7A00353F17 /* Controller */ = {
			isa = PBXGroup;
			children = (
				250922691CED5D7A00353F17 /* KPTHistoryViewController.swift */,
			);
			path = Controller;
			sourceTree = "<group>";
		};
		2509226A1CED5D7A00353F17 /* View */ = {
			isa = PBXGroup;
			children = (
			);
			path = View;
			sourceTree = "<group>";
		};
		2509226B1CED5D7A00353F17 /* KptHomePage */ = {
			isa = PBXGroup;
			children = (
				2509226C1CED5D7A00353F17 /* Controller */,
				2509226E1CED5D7A00353F17 /* View */,
			);
			path = KptHomePage;
			sourceTree = "<group>";
		};
		2509226C1CED5D7A00353F17 /* Controller */ = {
			isa = PBXGroup;
			children = (
				2509226D1CED5D7A00353F17 /* KPTHomePageViewController.swift */,
				250922721CEDB8EF00353F17 /* KPTHomePageViewController.xib */,
			);
			path = Controller;
			sourceTree = "<group>";
		};
		2509226E1CED5D7A00353F17 /* View */ = {
			isa = PBXGroup;
			children = (
			);
			path = View;
			sourceTree = "<group>";
		};
		25B879151CEC05DD00F9865B = {
			isa = PBXGroup;
			children = (
				25B879201CEC05DD00F9865B /* KPT_iOS_Swift */,
				25B879381CEC05DD00F9865B /* KPT_iOS_SwiftTests */,
				25B8791F1CEC05DD00F9865B /* Products */,
				4C088B993719B6BDDBFA9BA7 /* Pods */,
				54D49841B374A529CE8EBC55 /* Frameworks */,
			);
			sourceTree = "<group>";
		};
		25B8791F1CEC05DD00F9865B /* Products */ = {
			isa = PBXGroup;
			children = (
				25B8791E1CEC05DD00F9865B /* KPT_iOS_Swift.app */,
				25B879351CEC05DD00F9865B /* KPT_iOS_SwiftTests.xctest */,
			);
			name = Products;
			sourceTree = "<group>";
		};
		25B879201CEC05DD00F9865B /* KPT_iOS_Swift */ = {
			isa = PBXGroup;
			children = (
				25B879211CEC05DD00F9865B /* AppDelegate.swift */,
				25B879461CEC11CD00F9865B /* Main */,
				250922631CED5D7A00353F17 /* KptDiscover */,
				250922671CED5D7A00353F17 /* KptHistory */,
				2509226B1CED5D7A00353F17 /* KptHomePage */,
				25B8794B1CEC122D00F9865B /* Tools */,
				25B879251CEC05DD00F9865B /* Main.storyboard */,
				25B8792B1CEC05DD00F9865B /* Assets.xcassets */,
				25B8792D1CEC05DD00F9865B /* LaunchScreen.storyboard */,
				25B879301CEC05DD00F9865B /* Info.plist */,
				25B879281CEC05DD00F9865B /* KPT_iOS_Swift.xcdatamodeld */,
			);
			path = KPT_iOS_Swift;
			sourceTree = "<group>";
		};
		25B879381CEC05DD00F9865B /* KPT_iOS_SwiftTests */ = {
			isa = PBXGroup;
			children = (
				25B879391CEC05DD00F9865B /* KPT_iOS_SwiftTests.swift */,
				25B8793B1CEC05DD00F9865B /* Info.plist */,
			);
			path = KPT_iOS_SwiftTests;
			sourceTree = "<group>";
		};
		25B879461CEC11CD00F9865B /* Main */ = {
			isa = PBXGroup;
			children = (
				25B879471CEC11CD00F9865B /* Controller */,
				25B879491CEC11CD00F9865B /* View */,
			);
			path = Main;
			sourceTree = "<group>";
		};
		25B879471CEC11CD00F9865B /* Controller */ = {
			isa = PBXGroup;
			children = (
				25B879481CEC11CD00F9865B /* MainAppViewController.swift */,
			);
			path = Controller;
			sourceTree = "<group>";
		};
		25B879491CEC11CD00F9865B /* View */ = {
			isa = PBXGroup;
			children = (
			);
			path = View;
			sourceTree = "<group>";
		};
		25B8794B1CEC122D00F9865B /* Tools */ = {
			isa = PBXGroup;
			children = (
				25681DA51CEC63AD004E78B2 /* UIColor+Category.swift */,
				251F85791CEC6AC300C6051F /* GlobalConstant.swift */,
			);
			path = Tools;
			sourceTree = "<group>";
		};
		4C088B993719B6BDDBFA9BA7 /* Pods */ = {
			isa = PBXGroup;
			children = (
				8D7B99C771E8A608C6A6DBF9 /* Pods-KPT_iOS_Swift.debug.xcconfig */,
				5641E40202D51F8EB72424B4 /* Pods-KPT_iOS_Swift.release.xcconfig */,
				91734326814587FDABE62228 /* Pods-KPT_iOS_SwiftTests.debug.xcconfig */,
				905CC0591D8C90997684B7D4 /* Pods-KPT_iOS_SwiftTests.release.xcconfig */,
			);
			name = Pods;
			sourceTree = "<group>";
		};
		54D49841B374A529CE8EBC55 /* Frameworks */ = {
			isa = PBXGroup;
			children = (
				251F857B1CEC7BCA00C6051F /* SystemConfiguration.framework */,
				7D77B9D5815ABCCD2C101553 /* Pods_KPT_iOS_Swift.framework */,
				9AAEF8C5E3A6F1182175E8E8 /* Pods_KPT_iOS_SwiftTests.framework */,
			);
			name = Frameworks;
			sourceTree = "<group>";
		};
/* End PBXGroup section */

/* Begin PBXNativeTarget section */
		25B8791D1CEC05DD00F9865B /* KPT_iOS_Swift */ = {
			isa = PBXNativeTarget;
			buildConfigurationList = 25B8793E1CEC05DD00F9865B /* Build configuration list for PBXNativeTarget "KPT_iOS_Swift" */;
			buildPhases = (
				D0098CC6D2849DFE736040E3 /* 📦 Check Pods Manifest.lock */,
				25B8791A1CEC05DD00F9865B /* Sources */,
				25B8791B1CEC05DD00F9865B /* Frameworks */,
				25B8791C1CEC05DD00F9865B /* Resources */,
				227565DA5518BC75E9212D7C /* 📦 Embed Pods Frameworks */,
				76F4A23B72185597DF5505DE /* 📦 Copy Pods Resources */,
			);
			buildRules = (
			);
			dependencies = (
			);
			name = KPT_iOS_Swift;
			productName = KPT_iOS_Swift;
			productReference = 25B8791E1CEC05DD00F9865B /* KPT_iOS_Swift.app */;
			productType = "com.apple.product-type.application";
		};
		25B879341CEC05DD00F9865B /* KPT_iOS_SwiftTests */ = {
			isa = PBXNativeTarget;
			buildConfigurationList = 25B879411CEC05DD00F9865B /* Build configuration list for PBXNativeTarget "KPT_iOS_SwiftTests" */;
			buildPhases = (
				A5ECF58EF17C4293992BF4E6 /* 📦 Check Pods Manifest.lock */,
				25B879311CEC05DD00F9865B /* Sources */,
				25B879321CEC05DD00F9865B /* Frameworks */,
				25B879331CEC05DD00F9865B /* Resources */,
				765FE2BAC0E08760648D63A9 /* 📦 Embed Pods Frameworks */,
				707FBA53468DE82D91DACBFB /* 📦 Copy Pods Resources */,
			);
			buildRules = (
			);
			dependencies = (
				25B879371CEC05DD00F9865B /* PBXTargetDependency */,
			);
			name = KPT_iOS_SwiftTests;
			productName = KPT_iOS_SwiftTests;
			productReference = 25B879351CEC05DD00F9865B /* KPT_iOS_SwiftTests.xctest */;
			productType = "com.apple.product-type.bundle.unit-test";
		};
/* End PBXNativeTarget section */

/* Begin PBXProject section */
		25B879161CEC05DD00F9865B /* Project object */ = {
			isa = PBXProject;
			attributes = {
				LastSwiftUpdateCheck = 0720;
				LastUpgradeCheck = 0720;
				ORGANIZATIONNAME = yunqiao;
				TargetAttributes = {
					25B8791D1CEC05DD00F9865B = {
						CreatedOnToolsVersion = 7.2.1;
					};
					25B879341CEC05DD00F9865B = {
						CreatedOnToolsVersion = 7.2.1;
						TestTargetID = 25B8791D1CEC05DD00F9865B;
					};
				};
			};
			buildConfigurationList = 25B879191CEC05DD00F9865B /* Build configuration list for PBXProject "KPT_iOS_Swift" */;
			compatibilityVersion = "Xcode 3.2";
			developmentRegion = English;
			hasScannedForEncodings = 0;
			knownRegions = (
				en,
				Base,
			);
			mainGroup = 25B879151CEC05DD00F9865B;
			productRefGroup = 25B8791F1CEC05DD00F9865B /* Products */;
			projectDirPath = "";
			projectRoot = "";
			targets = (
				25B8791D1CEC05DD00F9865B /* KPT_iOS_Swift */,
				25B879341CEC05DD00F9865B /* KPT_iOS_SwiftTests */,
			);
		};
/* End PBXProject section */

/* Begin PBXResourcesBuildPhase section */
		25B8791C1CEC05DD00F9865B /* Resources */ = {
			isa = PBXResourcesBuildPhase;
			buildActionMask = 2147483647;
			files = (
				25B8792F1CEC05DD00F9865B /* LaunchScreen.storyboard in Resources */,
				25B8792C1CEC05DD00F9865B /* Assets.xcassets in Resources */,
				250922731CEDB8EF00353F17 /* KPTHomePageViewController.xib in Resources */,
				25B879271CEC05DD00F9865B /* Main.storyboard in Resources */,
			);
			runOnlyForDeploymentPostprocessing = 0;
		};
		25B879331CEC05DD00F9865B /* Resources */ = {
			isa = PBXResourcesBuildPhase;
			buildActionMask = 2147483647;
			files = (
			);
			runOnlyForDeploymentPostprocessing = 0;
		};
/* End PBXResourcesBuildPhase section */

/* Begin PBXShellScriptBuildPhase section */
		227565DA5518BC75E9212D7C /* 📦 Embed Pods Frameworks */ = {
			isa = PBXShellScriptBuildPhase;
			buildActionMask = 2147483647;
			files = (
			);
			inputPaths = (
			);
			name = "📦 Embed Pods Frameworks";
			outputPaths = (
			);
			runOnlyForDeploymentPostprocessing = 0;
			shellPath = /bin/sh;
			shellScript = "\"${SRCROOT}/Pods/Target Support Files/Pods-KPT_iOS_Swift/Pods-KPT_iOS_Swift-frameworks.sh\"\n";
			showEnvVarsInLog = 0;
		};
		707FBA53468DE82D91DACBFB /* 📦 Copy Pods Resources */ = {
			isa = PBXShellScriptBuildPhase;
			buildActionMask = 2147483647;
			files = (
			);
			inputPaths = (
			);
			name = "📦 Copy Pods Resources";
			outputPaths = (
			);
			runOnlyForDeploymentPostprocessing = 0;
			shellPath = /bin/sh;
			shellScript = "\"${SRCROOT}/Pods/Target Support Files/Pods-KPT_iOS_SwiftTests/Pods-KPT_iOS_SwiftTests-resources.sh\"\n";
			showEnvVarsInLog = 0;
		};
		765FE2BAC0E08760648D63A9 /* 📦 Embed Pods Frameworks */ = {
			isa = PBXShellScriptBuildPhase;
			buildActionMask = 2147483647;
			files = (
			);
			inputPaths = (
			);
			name = "📦 Embed Pods Frameworks";
			outputPaths = (
			);
			runOnlyForDeploymentPostprocessing = 0;
			shellPath = /bin/sh;
			shellScript = "\"${SRCROOT}/Pods/Target Support Files/Pods-KPT_iOS_SwiftTests/Pods-KPT_iOS_SwiftTests-frameworks.sh\"\n";
			showEnvVarsInLog = 0;
		};
		76F4A23B72185597DF5505DE /* 📦 Copy Pods Resources */ = {
			isa = PBXShellScriptBuildPhase;
			buildActionMask = 2147483647;
			files = (
			);
			inputPaths = (
			);
			name = "📦 Copy Pods Resources";
			outputPaths = (
			);
			runOnlyForDeploymentPostprocessing = 0;
			shellPath = /bin/sh;
			shellScript = "\"${SRCROOT}/Pods/Target Support Files/Pods-KPT_iOS_Swift/Pods-KPT_iOS_Swift-resources.sh\"\n";
			showEnvVarsInLog = 0;
		};
		A5ECF58EF17C4293992BF4E6 /* 📦 Check Pods Manifest.lock */ = {
			isa = PBXShellScriptBuildPhase;
			buildActionMask = 2147483647;
			files = (
			);
			inputPaths = (
			);
			name = "📦 Check Pods Manifest.lock";
			outputPaths = (
			);
			runOnlyForDeploymentPostprocessing = 0;
			shellPath = /bin/sh;
			shellScript = "diff \"${PODS_ROOT}/../Podfile.lock\" \"${PODS_ROOT}/Manifest.lock\" > /dev/null\nif [[ $? != 0 ]] ; then\n    cat << EOM\nerror: The sandbox is not in sync with the Podfile.lock. Run 'pod install' or update your CocoaPods installation.\nEOM\n    exit 1\nfi\n";
			showEnvVarsInLog = 0;
		};
		D0098CC6D2849DFE736040E3 /* 📦 Check Pods Manifest.lock */ = {
			isa = PBXShellScriptBuildPhase;
			buildActionMask = 2147483647;
			files = (
			);
			inputPaths = (
			);
			name = "📦 Check Pods Manifest.lock";
			outputPaths = (
			);
			runOnlyForDeploymentPostprocessing = 0;
			shellPath = /bin/sh;
			shellScript = "diff \"${PODS_ROOT}/../Podfile.lock\" \"${PODS_ROOT}/Manifest.lock\" > /dev/null\nif [[ $? != 0 ]] ; then\n    cat << EOM\nerror: The sandbox is not in sync with the Podfile.lock. Run 'pod install' or update your CocoaPods installation.\nEOM\n    exit 1\nfi\n";
			showEnvVarsInLog = 0;
		};
/* End PBXShellScriptBuildPhase section */

/* Begin PBXSourcesBuildPhase section */
		25B8791A1CEC05DD00F9865B /* Sources */ = {
			isa = PBXSourcesBuildPhase;
			buildActionMask = 2147483647;
			files = (
				25B879221CEC05DD00F9865B /* AppDelegate.swift in Sources */,
				251F857A1CEC6AC300C6051F /* GlobalConstant.swift in Sources */,
				25B8794A1CEC11CD00F9865B /* MainAppViewController.swift in Sources */,
				250922701CED5D7A00353F17 /* KPTHistoryViewController.swift in Sources */,
				2509226F1CED5D7A00353F17 /* KPTDiscoverViewController.swift in Sources */,
				25B8792A1CEC05DD00F9865B /* KPT_iOS_Swift.xcdatamodeld in Sources */,
				250922711CED5D7A00353F17 /* KPTHomePageViewController.swift in Sources */,
				25681DA61CEC63AD004E78B2 /* UIColor+Category.swift in Sources */,
			);
			runOnlyForDeploymentPostprocessing = 0;
		};
		25B879311CEC05DD00F9865B /* Sources */ = {
			isa = PBXSourcesBuildPhase;
			buildActionMask = 2147483647;
			files = (
				25B8793A1CEC05DD00F9865B /* KPT_iOS_SwiftTests.swift in Sources */,
			);
			runOnlyForDeploymentPostprocessing = 0;
		};
/* End PBXSourcesBuildPhase section */

/* Begin PBXTargetDependency section */
		25B879371CEC05DD00F9865B /* PBXTargetDependency */ = {
			isa = PBXTargetDependency;
			target = 25B8791D1CEC05DD00F9865B /* KPT_iOS_Swift */;
			targetProxy = 25B879361CEC05DD00F9865B /* PBXContainerItemProxy */;
		};
/* End PBXTargetDependency section */

/* Begin PBXVariantGroup section */
		25B879251CEC05DD00F9865B /* Main.storyboard */ = {
			isa = PBXVariantGroup;
			children = (
				25B879261CEC05DD00F9865B /* Base */,
			);
			name = Main.storyboard;
			sourceTree = "<group>";
		};
		25B8792D1CEC05DD00F9865B /* LaunchScreen.storyboard */ = {
			isa = PBXVariantGroup;
			children = (
				25B8792E1CEC05DD00F9865B /* Base */,
			);
			name = LaunchScreen.storyboard;
			sourceTree = "<group>";
		};
/* End PBXVariantGroup section */

/* Begin XCBuildConfiguration section */
		25B8793C1CEC05DD00F9865B /* Debug */ = {
			isa = XCBuildConfiguration;
			buildSettings = {
				ALWAYS_SEARCH_USER_PATHS = NO;
				CLANG_CXX_LANGUAGE_STANDARD = "gnu++0x";
				CLANG_CXX_LIBRARY = "libc++";
				CLANG_ENABLE_MODULES = YES;
				CLANG_ENABLE_OBJC_ARC = YES;
				CLANG_WARN_BOOL_CONVERSION = YES;
				CLANG_WARN_CONSTANT_CONVERSION = YES;
				CLANG_WARN_DIRECT_OBJC_ISA_USAGE = YES_ERROR;
				CLANG_WARN_EMPTY_BODY = YES;
				CLANG_WARN_ENUM_CONVERSION = YES;
				CLANG_WARN_INT_CONVERSION = YES;
				CLANG_WARN_OBJC_ROOT_CLASS = YES_ERROR;
				CLANG_WARN_UNREACHABLE_CODE = YES;
				CLANG_WARN__DUPLICATE_METHOD_MATCH = YES;
				"CODE_SIGN_IDENTITY[sdk=iphoneos*]" = "iPhone Developer";
				COPY_PHASE_STRIP = NO;
				DEBUG_INFORMATION_FORMAT = dwarf;
				ENABLE_STRICT_OBJC_MSGSEND = YES;
				ENABLE_TESTABILITY = YES;
				GCC_C_LANGUAGE_STANDARD = gnu99;
				GCC_DYNAMIC_NO_PIC = NO;
				GCC_NO_COMMON_BLOCKS = YES;
				GCC_OPTIMIZATION_LEVEL = 0;
				GCC_PREPROCESSOR_DEFINITIONS = (
					"DEBUG=1",
					"$(inherited)",
				);
				GCC_WARN_64_TO_32_BIT_CONVERSION = YES;
				GCC_WARN_ABOUT_RETURN_TYPE = YES_ERROR;
				GCC_WARN_UNDECLARED_SELECTOR = YES;
				GCC_WARN_UNINITIALIZED_AUTOS = YES_AGGRESSIVE;
				GCC_WARN_UNUSED_FUNCTION = YES;
				GCC_WARN_UNUSED_VARIABLE = YES;
				IPHONEOS_DEPLOYMENT_TARGET = 8.1;
				MTL_ENABLE_DEBUG_INFO = YES;
				ONLY_ACTIVE_ARCH = YES;
				SDKROOT = iphoneos;
				SWIFT_OPTIMIZATION_LEVEL = "-Onone";
				TARGETED_DEVICE_FAMILY = "1,2";
			};
			name = Debug;
		};
		25B8793D1CEC05DD00F9865B /* Release */ = {
			isa = XCBuildConfiguration;
			buildSettings = {
				ALWAYS_SEARCH_USER_PATHS = NO;
				CLANG_CXX_LANGUAGE_STANDARD = "gnu++0x";
				CLANG_CXX_LIBRARY = "libc++";
				CLANG_ENABLE_MODULES = YES;
				CLANG_ENABLE_OBJC_ARC = YES;
				CLANG_WARN_BOOL_CONVERSION = YES;
				CLANG_WARN_CONSTANT_CONVERSION = YES;
				CLANG_WARN_DIRECT_OBJC_ISA_USAGE = YES_ERROR;
				CLANG_WARN_EMPTY_BODY = YES;
				CLANG_WARN_ENUM_CONVERSION = YES;
				CLANG_WARN_INT_CONVERSION = YES;
				CLANG_WARN_OBJC_ROOT_CLASS = YES_ERROR;
				CLANG_WARN_UNREACHABLE_CODE = YES;
				CLANG_WARN__DUPLICATE_METHOD_MATCH = YES;
				"CODE_SIGN_IDENTITY[sdk=iphoneos*]" = "iPhone Developer";
				COPY_PHASE_STRIP = NO;
				DEBUG_INFORMATION_FORMAT = "dwarf-with-dsym";
				ENABLE_NS_ASSERTIONS = NO;
				ENABLE_STRICT_OBJC_MSGSEND = YES;
				GCC_C_LANGUAGE_STANDARD = gnu99;
				GCC_NO_COMMON_BLOCKS = YES;
				GCC_WARN_64_TO_32_BIT_CONVERSION = YES;
				GCC_WARN_ABOUT_RETURN_TYPE = YES_ERROR;
				GCC_WARN_UNDECLARED_SELECTOR = YES;
				GCC_WARN_UNINITIALIZED_AUTOS = YES_AGGRESSIVE;
				GCC_WARN_UNUSED_FUNCTION = YES;
				GCC_WARN_UNUSED_VARIABLE = YES;
				IPHONEOS_DEPLOYMENT_TARGET = 8.1;
				MTL_ENABLE_DEBUG_INFO = NO;
				SDKROOT = iphoneos;
				TARGETED_DEVICE_FAMILY = "1,2";
				VALIDATE_PRODUCT = YES;
			};
			name = Release;
		};
		25B8793F1CEC05DD00F9865B /* Debug */ = {
			isa = XCBuildConfiguration;
			baseConfigurationReference = 8D7B99C771E8A608C6A6DBF9 /* Pods-KPT_iOS_Swift.debug.xcconfig */;
			buildSettings = {
				CODE_SIGN_IDENTITY = "iPhone Developer";
				ENABLE_BITCODE = NO;
				INFOPLIST_FILE = KPT_iOS_Swift/Info.plist;
				IPHONEOS_DEPLOYMENT_TARGET = 8.1;
				LD_RUNPATH_SEARCH_PATHS = "$(inherited) @executable_path/Frameworks";
				PRODUCT_BUNDLE_IDENTIFIER = "com.KPT-iOS-Swift";
				PRODUCT_NAME = "$(TARGET_NAME)";
			};
			name = Debug;
		};
		25B879401CEC05DD00F9865B /* Release */ = {
			isa = XCBuildConfiguration;
			baseConfigurationReference = 5641E40202D51F8EB72424B4 /* Pods-KPT_iOS_Swift.release.xcconfig */;
			buildSettings = {
				CODE_SIGN_IDENTITY = "iPhone Developer";
				ENABLE_BITCODE = NO;
				INFOPLIST_FILE = KPT_iOS_Swift/Info.plist;
				IPHONEOS_DEPLOYMENT_TARGET = 8.1;
				LD_RUNPATH_SEARCH_PATHS = "$(inherited) @executable_path/Frameworks";
				PRODUCT_BUNDLE_IDENTIFIER = "com.KPT-iOS-Swift";
				PRODUCT_NAME = "$(TARGET_NAME)";
			};
			name = Release;
		};
		25B879421CEC05DD00F9865B /* Debug */ = {
			isa = XCBuildConfiguration;
			baseConfigurationReference = 91734326814587FDABE62228 /* Pods-KPT_iOS_SwiftTests.debug.xcconfig */;
			buildSettings = {
				BUNDLE_LOADER = "$(TEST_HOST)";
				INFOPLIST_FILE = KPT_iOS_SwiftTests/Info.plist;
				LD_RUNPATH_SEARCH_PATHS = "$(inherited) @executable_path/Frameworks @loader_path/Frameworks";
				PRODUCT_BUNDLE_IDENTIFIER = "com.KPT-iOS-SwiftTests";
				PRODUCT_NAME = "$(TARGET_NAME)";
				TEST_HOST = "$(BUILT_PRODUCTS_DIR)/KPT_iOS_Swift.app/KPT_iOS_Swift";
			};
			name = Debug;
		};
		25B879431CEC05DD00F9865B /* Release */ = {
			isa = XCBuildConfiguration;
			baseConfigurationReference = 905CC0591D8C90997684B7D4 /* Pods-KPT_iOS_SwiftTests.release.xcconfig */;
			buildSettings = {
				BUNDLE_LOADER = "$(TEST_HOST)";
				INFOPLIST_FILE = KPT_iOS_SwiftTests/Info.plist;
				LD_RUNPATH_SEARCH_PATHS = "$(inherited) @executable_path/Frameworks @loader_path/Frameworks";
				PRODUCT_BUNDLE_IDENTIFIER = "com.KPT-iOS-SwiftTests";
				PRODUCT_NAME = "$(TARGET_NAME)";
				TEST_HOST = "$(BUILT_PRODUCTS_DIR)/KPT_iOS_Swift.app/KPT_iOS_Swift";
			};
			name = Release;
		};
/* End XCBuildConfiguration section */

/* Begin XCConfigurationList section */
		25B879191CEC05DD00F9865B /* Build configuration list for PBXProject "KPT_iOS_Swift" */ = {
			isa = XCConfigurationList;
			buildConfigurations = (
				25B8793C1CEC05DD00F9865B /* Debug */,
				25B8793D1CEC05DD00F9865B /* Release */,
			);
			defaultConfigurationIsVisible = 0;
			defaultConfigurationName = Release;
		};
		25B8793E1CEC05DD00F9865B /* Build configuration list for PBXNativeTarget "KPT_iOS_Swift" */ = {
			isa = XCConfigurationList;
			buildConfigurations = (
				25B8793F1CEC05DD00F9865B /* Debug */,
				25B879401CEC05DD00F9865B /* Release */,
			);
			defaultConfigurationIsVisible = 0;
			defaultConfigurationName = Release;
		};
		25B879411CEC05DD00F9865B /* Build configuration list for PBXNativeTarget "KPT_iOS_SwiftTests" */ = {
			isa = XCConfigurationList;
			buildConfigurations = (
				25B879421CEC05DD00F9865B /* Debug */,
				25B879431CEC05DD00F9865B /* Release */,
			);
			defaultConfigurationIsVisible = 0;
			defaultConfigurationName = Release;
		};
/* End XCConfigurationList section */

/* Begin XCVersionGroup section */
		25B879281CEC05DD00F9865B /* KPT_iOS_Swift.xcdatamodeld */ = {
			isa = XCVersionGroup;
			children = (
				25B879291CEC05DD00F9865B /* KPT_iOS_Swift.xcdatamodel */,
			);
			currentVersion = 25B879291CEC05DD00F9865B /* KPT_iOS_Swift.xcdatamodel */;
			path = KPT_iOS_Swift.xcdatamodeld;
			sourceTree = "<group>";
			versionGroupType = wrapper.xcdatamodel;
		};
/* End XCVersionGroup section */
	};
	rootObject = 25B879161CEC05DD00F9865B /* Project object */;
}
